
Microsoft Visual Studio Solution File, Format Version 12.00
# Visual Studio 15
VisualStudioVersion = 15.0.28307.1062
MinimumVisualStudioVersion = 10.0.40219.1
Project("{FAE04EC0-301F-11D3-BF4B-00C04F79EFBC}") = "App01_ConsultarCep.Android", "App01_ConsultarCep\App01_ConsultarCep.Android\App01_ConsultarCep.Android.csproj", "{9D197E53-D579-45A5-BF87-190AE13F3F07}"
EndProject
Project("{FAE04EC0-301F-11D3-BF4B-00C04F79EFBC}") = "App01_ConsultarCep.iOS", "App01_ConsultarCep\App01_ConsultarCep.iOS\App01_ConsultarCep.iOS.csproj", "{9EBD6793-ECD4-4EF5-BC75-6B5AF2304712}"
EndProject
Project("{FAE04EC0-301F-11D3-BF4B-00C04F79EFBC}") = "App01_ConsultarCep.UWP", "App01_ConsultarCep\App01_ConsultarCep.UWP\App01_ConsultarCep.UWP.csproj", "{BAB58623-2CE8-4E2B-AF96-06B331B09254}"
EndProject
Project("{FAE04EC0-301F-11D3-BF4B-00C04F79EFBC}") = "App01_ConsultarCep", "App01_ConsultarCep\App01_ConsultarCep\App01_ConsultarCep.csproj", "{EF0D5294-E153-4124-ABDF-714FB34B4159}"
EndProject
Global
	GlobalSection(SolutionConfigurationPlatforms) = preSolution
		Ad-Hoc|Any CPU = Ad-Hoc|Any CPU
		Ad-Hoc|ARM = Ad-Hoc|ARM
		Ad-Hoc|iPhone = Ad-Hoc|iPhone
		Ad-Hoc|iPhoneSimulator = Ad-Hoc|iPhoneSimulator
		Ad-Hoc|x64 = Ad-Hoc|x64
		Ad-Hoc|x86 = Ad-Hoc|x86
		AppStore|Any CPU = AppStore|Any CPU
		AppStore|ARM = AppStore|ARM
		AppStore|iPhone = AppStore|iPhone
		AppStore|iPhoneSimulator = AppStore|iPhoneSimulator
		AppStore|x64 = AppStore|x64
		AppStore|x86 = AppStore|x86
		Debug|Any CPU = Debug|Any CPU
		Debug|ARM = Debug|ARM
		Debug|iPhone = Debug|iPhone
		Debug|iPhoneSimulator = Debug|iPhoneSimulator
		Debug|x64 = Debug|x64
		Debug|x86 = Debug|x86
		Release|Any CPU = Release|Any CPU
		Release|ARM = Release|ARM
		Release|iPhone = Release|iPhone
		Release|iPhoneSimulator = Release|iPhoneSimulator
		Release|x64 = Release|x64
		Release|x86 = Release|x86
	EndGlobalSection
	GlobalSection(ProjectConfigurationPlatforms) = postSolution
		{9D197E53-D579-45A5-BF87-190AE13F3F07}.Ad-Hoc|Any CPU.ActiveCfg = Release|Any CPU
		{9D197E53-D579-45A5-BF87-190AE13F3F07}.Ad-Hoc|Any CPU.Build.0 = Release|Any CPU
		{9D197E53-D579-45A5-BF87-190AE13F3F07}.Ad-Hoc|Any CPU.Deploy.0 = Release|Any CPU
		{9D197E53-D579-45A5-BF87-190AE13F3F07}.Ad-Hoc|ARM.ActiveCfg = Release|Any CPU
		{9D197E53-D579-45A5-BF87-190AE13F3F07}.Ad-Hoc|ARM.Build.0 = Release|Any CPU
		{9D197E53-D579-45A5-BF87-190AE13F3F07}.Ad-Hoc|ARM.Deploy.0 = Release|Any CPU
		{9D197E53-D579-45A5-BF87-190AE13F3F07}.Ad-Hoc|iPhone.ActiveCfg = Release|Any CPU
		{9D197E53-D579-45A5-BF87-190AE13F3F07}.Ad-Hoc|iPhone.Build.0 = Release|Any CPU
		{9D197E53-D579-45A5-BF87-190AE13F3F07}.Ad-Hoc|iPhone.Deploy.0 = Release|Any CPU
		{9D197E53-D579-45A5-BF87-190AE13F3F07}.Ad-Hoc|iPhoneSimulator.ActiveCfg = Release|Any CPU
		{9D197E53-D579-45A5-BF87-190AE13F3F07}.Ad-Hoc|iPhoneSimulator.Build.0 = Release|Any CPU
		{9D197E53-D579-45A5-BF87-190AE13F3F07}.Ad-Hoc|iPhoneSimulator.Deploy.0 = Release|Any CPU
		{9D197E53-D579-45A5-BF87-190AE13F3F07}.Ad-Hoc|x64.ActiveCfg = Release|Any CPU
		{9D197E53-D579-45A5-BF87-190AE13F3F07}.Ad-Hoc|x64.Build.0 = Release|Any CPU
		{9D197E53-D579-45A5-BF87-190AE13F3F07}.Ad-Hoc|x64.Deploy.0 = Release|Any CPU
		{9D197E53-D579-45A5-BF87-190AE13F3F07}.Ad-Hoc|x86.ActiveCfg = Release|Any CPU
		{9D197E53-D579-45A5-BF87-190AE13F3F07}.Ad-Hoc|x86.Build.0 = Release|Any CPU
		{9D197E53-D579-45A5-BF87-190AE13F3F07}.Ad-Hoc|x86.Deploy.0 = Release|Any CPU
		{9D197E53-D579-45A5-BF87-190AE13F3F07}.AppStore|Any CPU.ActiveCfg = Release|Any CPU
		{9D197E53-D579-45A5-BF87-190AE13F3F07}.AppStore|Any CPU.Build.0 = Release|Any CPU
		{9D197E53-D579-45A5-BF87-190AE13F3F07}.AppStore|Any CPU.Deploy.0 = Release|Any CPU
		{9D197E53-D579-45A5-BF87-190AE13F3F07}.AppStore|ARM.ActiveCfg = Release|Any CPU
		{9D197E53-D579-45A5-BF87-190AE13F3F07}.AppStore|ARM.Build.0 = Release|Any CPU
		{9D197E53-D579-45A5-BF87-190AE13F3F07}.AppStore|ARM.Deploy.0 = Release|Any CPU
		{9D197E53-D579-45A5-BF87-190AE13F3F07}.AppStore|iPhone.ActiveCfg = Release|Any CPU
		{9D197E53-D579-45A5-BF87-190AE13F3F07}.AppStore|iPhone.Build.0 = Release|Any CPU
		{9D197E53-D579-45A5-BF87-190AE13F3F07}.AppStore|iPhone.Deploy.0 = Release|Any CPU
		{9D197E53-D579-45A5-BF87-190AE13F3F07}.AppStore|iPhoneSimulator.ActiveCfg = Release|Any CPU
		{9D197E53-D579-45A5-BF87-190AE13F3F07}.AppStore|iPhoneSimulator.Build.0 = Release|Any CPU
		{9D197E53-D579-45A5-BF87-190AE13F3F07}.AppStore|iPhoneSimulator.Deploy.0 = Release|Any CPU
		{9D197E53-D579-45A5-BF87-190AE13F3F07}.AppStore|x64.ActiveCfg = Release|Any CPU
		{9D197E53-D579-45A5-BF87-190AE13F3F07}.AppStore|x64.Build.0 = Release|Any CPU
		{9D197E53-D579-45A5-BF87-190AE13F3F07}.AppStore|x64.Deploy.0 = Release|Any CPU
		{9D197E53-D579-45A5-BF87-190AE13F3F07}.AppStore|x86.ActiveCfg = Release|Any CPU
		{9D197E53-D579-45A5-BF87-190AE13F3F07}.AppStore|x86.Build.0 = Release|Any CPU
		{9D197E53-D579-45A5-BF87-190AE13F3F07}.AppStore|x86.Deploy.0 = Release|Any CPU
		{9D197E53-D579-45A5-BF87-190AE13F3F07}.Debug|Any CPU.ActiveCfg = Debug|Any CPU
		{9D197E53-D579-45A5-BF87-190AE13F3F07}.Debug|Any CPU.Build.0 = Debug|Any CPU
		{9D197E53-D579-45A5-BF87-190AE13F3F07}.Debug|Any CPU.Deploy.0 = Debug|Any CPU
		{9D197E53-D579-45A5-BF87-190AE13F3F07}.Debug|ARM.ActiveCfg = Debug|Any CPU
		{9D197E53-D579-45A5-BF87-190AE13F3F07}.Debug|ARM.Build.0 = Debug|Any CPU
		{9D197E53-D579-45A5-BF87-190AE13F3F07}.Debug|ARM.Deploy.0 = Debug|Any CPU
		{9D197E53-D579-45A5-BF87-190AE13F3F07}.Debug|iPhone.ActiveCfg = Debug|Any CPU
		{9D197E53-D579-45A5-BF87-190AE13F3F07}.Debug|iPhone.Build.0 = Debug|Any CPU
		{9D197E53-D579-45A5-BF87-190AE13F3F07}.Debug|iPhone.Deploy.0 = Debug|Any CPU
		{9D197E53-D579-45A5-BF87-190AE13F3F07}.Debug|iPhoneSimulator.ActiveCfg = Debug|Any CPU
		{9D197E53-D579-45A5-BF87-190AE13F3F07}.Debug|iPhoneSimulator.Build.0 = Debug|Any CPU
		{9D197E53-D579-45A5-BF87-190AE13F3F07}.Debug|iPhoneSimulator.Deploy.0 = Debug|Any CPU
		{9D197E53-D579-45A5-BF87-190AE13F3F07}.Debug|x64.ActiveCfg = Debug|Any CPU
		{9D197E53-D579-45A5-BF87-190AE13F3F07}.Debug|x64.Build.0 = Debug|Any CPU
		{9D197E53-D579-45A5-BF87-190AE13F3F07}.Debug|x64.Deploy.0 = Debug|Any CPU
		{9D197E53-D579-45A5-BF87-190AE13F3F07}.Debug|x86.ActiveCfg = Debug|Any CPU
		{9D197E53-D579-45A5-BF87-190AE13F3F07}.Debug|x86.Build.0 = Debug|Any CPU
		{9D197E53-D579-45A5-BF87-190AE13F3F07}.Debug|x86.Deploy.0 = Debug|Any CPU
		{9D197E53-D579-45A5-BF87-190AE13F3F07}.Release|Any CPU.ActiveCfg = Release|Any CPU
		{9D197E53-D579-45A5-BF87-190AE13F3F07}.Release|Any CPU.Build.0 = Release|Any CPU
		{9D197E53-D579-45A5-BF87-190AE13F3F07}.Release|Any CPU.Deploy.0 = Release|Any CPU
		{9D197E53-D579-45A5-BF87-190AE13F3F07}.Release|ARM.ActiveCfg = Release|Any CPU
		{9D197E53-D579-45A5-BF87-190AE13F3F07}.Release|ARM.Build.0 = Release|Any CPU
		{9D197E53-D579-45A5-BF87-190AE13F3F07}.Release|ARM.Deploy.0 = Release|Any CPU
		{9D197E53-D579-45A5-BF87-190AE13F3F07}.Release|iPhone.ActiveCfg = Release|Any CPU
		{9D197E53-D579-45A5-BF87-190AE13F3F07}.Release|iPhone.Build.0 = Release|Any CPU
		{9D197E53-D579-45A5-BF87-190AE13F3F07}.Release|iPhone.Deploy.0 = Release|Any CPU
		{9D197E53-D579-45A5-BF87-190AE13F3F07}.Release|iPhoneSimulator.ActiveCfg = Release|Any CPU
		{9D197E53-D579-45A5-BF87-190AE13F3F07}.Release|iPhoneSimulator.Build.0 = Release|Any CPU
		{9D197E53-D579-45A5-BF87-190AE13F3F07}.Release|iPhoneSimulator.Deploy.0 = Release|Any CPU
		{9D197E53-D579-45A5-BF87-190AE13F3F07}.Release|x64.ActiveCfg = Release|Any CPU
		{9D197E53-D579-45A5-BF87-190AE13F3F07}.Release|x64.Build.0 = Release|Any CPU
		{9D197E53-D579-45A5-BF87-190AE13F3F07}.Release|x64.Deploy.0 = Release|Any CPU
		{9D197E53-D579-45A5-BF87-190AE13F3F07}.Release|x86.ActiveCfg = Release|Any CPU
		{9D197E53-D579-45A5-BF87-190AE13F3F07}.Release|x86.Build.0 = Release|Any CPU
		{9D197E53-D579-45A5-BF87-190AE13F3F07}.Release|x86.Deploy.0 = Release|Any CPU
		{9EBD6793-ECD4-4EF5-BC75-6B5AF2304712}.Ad-Hoc|Any CPU.ActiveCfg = Ad-Hoc|iPhone
		{9EBD6793-ECD4-4EF5-BC75-6B5AF2304712}.Ad-Hoc|Any CPU.Build.0 = Ad-Hoc|iPhone
		{9EBD6793-ECD4-4EF5-BC75-6B5AF2304712}.Ad-Hoc|Any CPU.Deploy.0 = Ad-Hoc|iPhone
		{9EBD6793-ECD4-4EF5-BC75-6B5AF2304712}.Ad-Hoc|ARM.ActiveCfg = Ad-Hoc|iPhone
		{9EBD6793-ECD4-4EF5-BC75-6B5AF2304712}.Ad-Hoc|ARM.Build.0 = Ad-Hoc|iPhone
		{9EBD6793-ECD4-4EF5-BC75-6B5AF2304712}.Ad-Hoc|ARM.Deploy.0 = Ad-Hoc|iPhone
		{9EBD6793-ECD4-4EF5-BC75-6B5AF2304712}.Ad-Hoc|iPhone.ActiveCfg = Ad-Hoc|iPhone
		{9EBD6793-ECD4-4EF5-BC75-6B5AF2304712}.Ad-Hoc|iPhone.Build.0 = Ad-Hoc|iPhone
		{9EBD6793-ECD4-4EF5-BC75-6B5AF2304712}.Ad-Hoc|iPhone.Deploy.0 = Ad-Hoc|iPhone
		{9EBD6793-ECD4-4EF5-BC75-6B5AF2304712}.Ad-Hoc|iPhoneSimulator.ActiveCfg = Ad-Hoc|iPhoneSimulator
		{9EBD6793-ECD4-4EF5-BC75-6B5AF2304712}.Ad-Hoc|iPhoneSimulator.Build.0 = Ad-Hoc|iPhoneSimulator
		{9EBD6793-ECD4-4EF5-BC75-6B5AF2304712}.Ad-Hoc|iPhoneSimulator.Deploy.0 = Ad-Hoc|iPhoneSimulator
		{9EBD6793-ECD4-4EF5-BC75-6B5AF2304712}.Ad-Hoc|x64.ActiveCfg = Ad-Hoc|iPhone
		{9EBD6793-ECD4-4EF5-BC75-6B5AF2304712}.Ad-Hoc|x64.Build.0 = Ad-Hoc|iPhone
		{9EBD6793-ECD4-4EF5-BC75-6B5AF2304712}.Ad-Hoc|x64.Deploy.0 = Ad-Hoc|iPhone
		{9EBD6793-ECD4-4EF5-BC75-6B5AF2304712}.Ad-Hoc|x86.ActiveCfg = Ad-Hoc|iPhone
		{9EBD6793-ECD4-4EF5-BC75-6B5AF2304712}.Ad-Hoc|x86.Build.0 = Ad-Hoc|iPhone
		{9EBD6793-ECD4-4EF5-BC75-6B5AF2304712}.Ad-Hoc|x86.Deploy.0 = Ad-Hoc|iPhone
		{9EBD6793-ECD4-4EF5-BC75-6B5AF2304712}.AppStore|Any CPU.ActiveCfg = AppStore|iPhone
		{9EBD6793-ECD4-4EF5-BC75-6B5AF2304712}.AppStore|Any CPU.Build.0 = AppStore|iPhone
		{9EBD6793-ECD4-4EF5-BC75-6B5AF2304712}.AppStore|Any CPU.Deploy.0 = AppStore|iPhone
		{9EBD6793-ECD4-4EF5-BC75-6B5AF2304712}.AppStore|ARM.ActiveCfg = AppStore|iPhone
		{9EBD6793-ECD4-4EF5-BC75-6B5AF2304712}.AppStore|ARM.Build.0 = AppStore|iPhone
		{9EBD6793-ECD4-4EF5-BC75-6B5AF2304712}.AppStore|ARM.Deploy.0 = AppStore|iPhone
		{9EBD6793-ECD4-4EF5-BC75-6B5AF2304712}.AppStore|iPhone.ActiveCfg = AppStore|iPhone
		{9EBD6793-ECD4-4EF5-BC75-6B5AF2304712}.AppStore|iPhone.Build.0 = AppStore|iPhone
		{9EBD6793-ECD4-4EF5-BC75-6B5AF2304712}.AppStore|iPhone.Deploy.0 = AppStore|iPhone
		{9EBD6793-ECD4-4EF5-BC75-6B5AF2304712}.AppStore|iPhoneSimulator.ActiveCfg = AppStore|iPhoneSimulator
		{9EBD6793-ECD4-4EF5-BC75-6B5AF2304712}.AppStore|iPhoneSimulator.Build.0 = AppStore|iPhoneSimulator
		{9EBD6793-ECD4-4EF5-BC75-6B5AF2304712}.AppStore|iPhoneSimulator.Deploy.0 = AppStore|iPhoneSimulator
		{9EBD6793-ECD4-4EF5-BC75-6B5AF2304712}.AppStore|x64.ActiveCfg = AppStore|iPhone
		{9EBD6793-ECD4-4EF5-BC75-6B5AF2304712}.AppStore|x64.Build.0 = AppStore|iPhone
		{9EBD6793-ECD4-4EF5-BC75-6B5AF2304712}.AppStore|x64.Deploy.0 = AppStore|iPhone
		{9EBD6793-ECD4-4EF5-BC75-6B5AF2304712}.AppStore|x86.ActiveCfg = AppStore|iPhone
		{9EBD6793-ECD4-4EF5-BC75-6B5AF2304712}.AppStore|x86.Build.0 = AppStore|iPhone
		{9EBD6793-ECD4-4EF5-BC75-6B5AF2304712}.AppStore|x86.Deploy.0 = AppStore|iPhone
		{9EBD6793-ECD4-4EF5-BC75-6B5AF2304712}.Debug|Any CPU.ActiveCfg = Debug|iPhoneSimulator
		{9EBD6793-ECD4-4EF5-BC75-6B5AF2304712}.Debug|Any CPU.Build.0 = Debug|iPhoneSimulator
		{9EBD6793-ECD4-4EF5-BC75-6B5AF2304712}.Debug|Any CPU.Deploy.0 = Debug|iPhoneSimulator
		{9EBD6793-ECD4-4EF5-BC75-6B5AF2304712}.Debug|ARM.ActiveCfg = Debug|iPhone
		{9EBD6793-ECD4-4EF5-BC75-6B5AF2304712}.Debug|ARM.Build.0 = Debug|iPhone
		{9EBD6793-ECD4-4EF5-BC75-6B5AF2304712}.Debug|ARM.Deploy.0 = Debug|iPhone
		{9EBD6793-ECD4-4EF5-BC75-6B5AF2304712}.Debug|iPhone.ActiveCfg = Debug|iPhone
		{9EBD6793-ECD4-4EF5-BC75-6B5AF2304712}.Debug|iPhone.Build.0 = Debug|iPhone
		{9EBD6793-ECD4-4EF5-BC75-6B5AF2304712}.Debug|iPhone.Deploy.0 = Debug|iPhone
		{9EBD6793-ECD4-4EF5-BC75-6B5AF2304712}.Debug|iPhoneSimulator.ActiveCfg = Debug|iPhoneSimulator
		{9EBD6793-ECD4-4EF5-BC75-6B5AF2304712}.Debug|iPhoneSimulator.Build.0 = Debug|iPhoneSimulator
		{9EBD6793-ECD4-4EF5-BC75-6B5AF2304712}.Debug|iPhoneSimulator.Deploy.0 = Debug|iPhoneSimulator
		{9EBD6793-ECD4-4EF5-BC75-6B5AF2304712}.Debug|x64.ActiveCfg = Debug|iPhone
		{9EBD6793-ECD4-4EF5-BC75-6B5AF2304712}.Debug|x64.Build.0 = Debug|iPhone
		{9EBD6793-ECD4-4EF5-BC75-6B5AF2304712}.Debug|x64.Deploy.0 = Debug|iPhone
		{9EBD6793-ECD4-4EF5-BC75-6B5AF2304712}.Debug|x86.ActiveCfg = Debug|iPhone
		{9EBD6793-ECD4-4EF5-BC75-6B5AF2304712}.Debug|x86.Build.0 = Debug|iPhone
		{9EBD6793-ECD4-4EF5-BC75-6B5AF2304712}.Debug|x86.Deploy.0 = Debug|iPhone
		{9EBD6793-ECD4-4EF5-BC75-6B5AF2304712}.Release|Any CPU.ActiveCfg = Release|iPhone
		{9EBD6793-ECD4-4EF5-BC75-6B5AF2304712}.Release|Any CPU.Build.0 = Release|iPhone
		{9EBD6793-ECD4-4EF5-BC75-6B5AF2304712}.Release|Any CPU.Deploy.0 = Release|iPhone
		{9EBD6793-ECD4-4EF5-BC75-6B5AF2304712}.Release|ARM.ActiveCfg = Release|iPhone
		{9EBD6793-ECD4-4EF5-BC75-6B5AF2304712}.Release|ARM.Build.0 = Release|iPhone
		{9EBD6793-ECD4-4EF5-BC75-6B5AF2304712}.Release|ARM.Deploy.0 = Release|iPhone
		{9EBD6793-ECD4-4EF5-BC75-6B5AF2304712}.Release|iPhone.ActiveCfg = Release|iPhone
		{9EBD6793-ECD4-4EF5-BC75-6B5AF2304712}.Release|iPhone.Build.0 = Release|iPhone
		{9EBD6793-ECD4-4EF5-BC75-6B5AF2304712}.Release|iPhone.Deploy.0 = Release|iPhone
		{9EBD6793-ECD4-4EF5-BC75-6B5AF2304712}.Release|iPhoneSimulator.ActiveCfg = Release|iPhoneSimulator
		{9EBD6793-ECD4-4EF5-BC75-6B5AF2304712}.Release|iPhoneSimulator.Build.0 = Release|iPhoneSimulator
		{9EBD6793-ECD4-4EF5-BC75-6B5AF2304712}.Release|iPhoneSimulator.Deploy.0 = Release|iPhoneSimulator
		{9EBD6793-ECD4-4EF5-BC75-6B5AF2304712}.Release|x64.ActiveCfg = Release|iPhone
		{9EBD6793-ECD4-4EF5-BC75-6B5AF2304712}.Release|x64.Build.0 = Release|iPhone
		{9EBD6793-ECD4-4EF5-BC75-6B5AF2304712}.Release|x64.Deploy.0 = Release|iPhone
		{9EBD6793-ECD4-4EF5-BC75-6B5AF2304712}.Release|x86.ActiveCfg = Release|iPhone
		{9EBD6793-ECD4-4EF5-BC75-6B5AF2304712}.Release|x86.Build.0 = Release|iPhone
		{9EBD6793-ECD4-4EF5-BC75-6B5AF2304712}.Release|x86.Deploy.0 = Release|iPhone
		{BAB58623-2CE8-4E2B-AF96-06B331B09254}.Ad-Hoc|Any CPU.ActiveCfg = Release|x86
		{BAB58623-2CE8-4E2B-AF96-06B331B09254}.Ad-Hoc|Any CPU.Build.0 = Release|x86
		{BAB58623-2CE8-4E2B-AF96-06B331B09254}.Ad-Hoc|Any CPU.Deploy.0 = Release|x86
		{BAB58623-2CE8-4E2B-AF96-06B331B09254}.Ad-Hoc|ARM.ActiveCfg = Release|ARM
		{BAB58623-2CE8-4E2B-AF96-06B331B09254}.Ad-Hoc|ARM.Build.0 = Release|ARM
		{BAB58623-2CE8-4E2B-AF96-06B331B09254}.Ad-Hoc|ARM.Deploy.0 = Release|ARM
		{BAB58623-2CE8-4E2B-AF96-06B331B09254}.Ad-Hoc|iPhone.ActiveCfg = Release|x86
		{BAB58623-2CE8-4E2B-AF96-06B331B09254}.Ad-Hoc|iPhone.Build.0 = Release|x86
		{BAB58623-2CE8-4E2B-AF96-06B331B09254}.Ad-Hoc|iPhone.Deploy.0 = Release|x86
		{BAB58623-2CE8-4E2B-AF96-06B331B09254}.Ad-Hoc|iPhoneSimulator.ActiveCfg = Release|x86
		{BAB58623-2CE8-4E2B-AF96-06B331B09254}.Ad-Hoc|iPhoneSimulator.Build.0 = Release|x86
		{BAB58623-2CE8-4E2B-AF96-06B331B09254}.Ad-Hoc|iPhoneSimulator.Deploy.0 = Release|x86
		{BAB58623-2CE8-4E2B-AF96-06B331B09254}.Ad-Hoc|x64.ActiveCfg = Release|x64
		{BAB58623-2CE8-4E2B-AF96-06B331B09254}.Ad-Hoc|x64.Build.0 = Release|x64
		{BAB58623-2CE8-4E2B-AF96-06B331B09254}.Ad-Hoc|x64.Deploy.0 = Release|x64
		{BAB58623-2CE8-4E2B-AF96-06B331B09254}.Ad-Hoc|x86.ActiveCfg = Release|x86
		{BAB58623-2CE8-4E2B-AF96-06B331B09254}.Ad-Hoc|x86.Build.0 = Release|x86
		{BAB58623-2CE8-4E2B-AF96-06B331B09254}.Ad-Hoc|x86.Deploy.0 = Release|x86
		{BAB58623-2CE8-4E2B-AF96-06B331B09254}.AppStore|Any CPU.ActiveCfg = Release|x86
		{BAB58623-2CE8-4E2B-AF96-06B331B09254}.AppStore|Any CPU.Build.0 = Release|x86
		{BAB58623-2CE8-4E2B-AF96-06B331B09254}.AppStore|Any CPU.Deploy.0 = Release|x86
		{BAB58623-2CE8-4E2B-AF96-06B331B09254}.AppStore|ARM.ActiveCfg = Release|ARM
		{BAB58623-2CE8-4E2B-AF96-06B331B09254}.AppStore|ARM.Build.0 = Release|ARM
		{BAB58623-2CE8-4E2B-AF96-06B331B09254}.AppStore|ARM.Deploy.0 = Release|ARM
		{BAB58623-2CE8-4E2B-AF96-06B331B09254}.AppStore|iPhone.ActiveCfg = Release|x86
		{BAB58623-2CE8-4E2B-AF96-06B331B09254}.AppStore|iPhone.Build.0 = Release|x86
		{BAB58623-2CE8-4E2B-AF96-06B331B09254}.AppStore|iPhone.Deploy.0 = Release|x86
		{BAB58623-2CE8-4E2B-AF96-06B331B09254}.AppStore|iPhoneSimulator.ActiveCfg = Release|x86
		{BAB58623-2CE8-4E2B-AF96-06B331B09254}.AppStore|iPhoneSimulator.Build.0 = Release|x86
		{BAB58623-2CE8-4E2B-AF96-06B331B09254}.AppStore|iPhoneSimulator.Deploy.0 = Release|x86
		{BAB58623-2CE8-4E2B-AF96-06B331B09254}.AppStore|x64.ActiveCfg = Release|x64
		{BAB58623-2CE8-4E2B-AF96-06B331B09254}.AppStore|x64.Build.0 = Release|x64
		{BAB58623-2CE8-4E2B-AF96-06B331B09254}.AppStore|x64.Deploy.0 = Release|x64
		{BAB58623-2CE8-4E2B-AF96-06B331B09254}.AppStore|x86.ActiveCfg = Release|x86
		{BAB58623-2CE8-4E2B-AF96-06B331B09254}.AppStore|x86.Build.0 = Release|x86
		{BAB58623-2CE8-4E2B-AF96-06B331B09254}.AppStore|x86.Deploy.0 = Release|x86
		{BAB58623-2CE8-4E2B-AF96-06B331B09254}.Debug|Any CPU.ActiveCfg = Debug|x86
		{BAB58623-2CE8-4E2B-AF96-06B331B09254}.Debug|Any CPU.Build.0 = Debug|x86
		{BAB58623-2CE8-4E2B-AF96-06B331B09254}.Debug|Any CPU.Deploy.0 = Debug|x86
		{BAB58623-2CE8-4E2B-AF96-06B331B09254}.Debug|ARM.ActiveCfg = Debug|ARM
		{BAB58623-2CE8-4E2B-AF96-06B331B09254}.Debug|ARM.Build.0 = Debug|ARM
		{BAB58623-2CE8-4E2B-AF96-06B331B09254}.Debug|ARM.Deploy.0 = Debug|ARM
		{BAB58623-2CE8-4E2B-AF96-06B331B09254}.Debug|iPhone.ActiveCfg = Debug|x86
		{BAB58623-2CE8-4E2B-AF96-06B331B09254}.Debug|iPhone.Build.0 = Debug|x86
		{BAB58623-2CE8-4E2B-AF96-06B331B09254}.Debug|iPhone.Deploy.0 = Debug|x86
		{BAB58623-2CE8-4E2B-AF96-06B331B09254}.Debug|iPhoneSimulator.ActiveCfg = Debug|x86
		{BAB58623-2CE8-4E2B-AF96-06B331B09254}.Debug|iPhoneSimulator.Build.0 = Debug|x86
		{BAB58623-2CE8-4E2B-AF96-06B331B09254}.Debug|iPhoneSimulator.Deploy.0 = Debug|x86
		{BAB58623-2CE8-4E2B-AF96-06B331B09254}.Debug|x64.ActiveCfg = Debug|x64
		{BAB58623-2CE8-4E2B-AF96-06B331B09254}.Debug|x64.Build.0 = Debug|x64
		{BAB58623-2CE8-4E2B-AF96-06B331B09254}.Debug|x64.Deploy.0 = Debug|x64
		{BAB58623-2CE8-4E2B-AF96-06B331B09254}.Debug|x86.ActiveCfg = Debug|x86
		{BAB58623-2CE8-4E2B-AF96-06B331B09254}.Debug|x86.Build.0 = Debug|x86
		{BAB58623-2CE8-4E2B-AF96-06B331B09254}.Debug|x86.Deploy.0 = Debug|x86
		{BAB58623-2CE8-4E2B-AF96-06B331B09254}.Release|Any CPU.ActiveCfg = Release|x86
		{BAB58623-2CE8-4E2B-AF96-06B331B09254}.Release|Any CPU.Build.0 = Release|x86
		{BAB58623-2CE8-4E2B-AF96-06B331B09254}.Release|Any CPU.Deploy.0 = Release|x86
		{BAB58623-2CE8-4E2B-AF96-06B331B09254}.Release|ARM.ActiveCfg = Release|ARM
		{BAB58623-2CE8-4E2B-AF96-06B331B09254}.Release|ARM.Build.0 = Release|ARM
		{BAB58623-2CE8-4E2B-AF96-06B331B09254}.Release|ARM.Deploy.0 = Release|ARM
		{BAB58623-2CE8-4E2B-AF96-06B331B09254}.Release|iPhone.ActiveCfg = Release|x86
		{BAB58623-2CE8-4E2B-AF96-06B331B09254}.Release|iPhone.Build.0 = Release|x86
		{BAB58623-2CE8-4E2B-AF96-06B331B09254}.Release|iPhone.Deploy.0 = Release|x86
		{BAB58623-2CE8-4E2B-AF96-06B331B09254}.Release|iPhoneSimulator.ActiveCfg = Release|x86
		{BAB58623-2CE8-4E2B-AF96-06B331B09254}.Release|iPhoneSimulator.Build.0 = Release|x86
		{BAB58623-2CE8-4E2B-AF96-06B331B09254}.Release|iPhoneSimulator.Deploy.0 = Release|x86
		{BAB58623-2CE8-4E2B-AF96-06B331B09254}.Release|x64.ActiveCfg = Release|x64
		{BAB58623-2CE8-4E2B-AF96-06B331B09254}.Release|x64.Build.0 = Release|x64
		{BAB58623-2CE8-4E2B-AF96-06B331B09254}.Release|x64.Deploy.0 = Release|x64
		{BAB58623-2CE8-4E2B-AF96-06B331B09254}.Release|x86.ActiveCfg = Release|x86
		{BAB58623-2CE8-4E2B-AF96-06B331B09254}.Release|x86.Build.0 = Release|x86
		{BAB58623-2CE8-4E2B-AF96-06B331B09254}.Release|x86.Deploy.0 = Release|x86
		{EF0D5294-E153-4124-ABDF-714FB34B4159}.Ad-Hoc|Any CPU.ActiveCfg = Debug|Any CPU
		{EF0D5294-E153-4124-ABDF-714FB34B4159}.Ad-Hoc|Any CPU.Build.0 = Debug|Any CPU
		{EF0D5294-E153-4124-ABDF-714FB34B4159}.Ad-Hoc|Any CPU.Deploy.0 = Debug|Any CPU
		{EF0D5294-E153-4124-ABDF-714FB34B4159}.Ad-Hoc|ARM.ActiveCfg = Debug|Any CPU
		{EF0D5294-E153-4124-ABDF-714FB34B4159}.Ad-Hoc|ARM.Build.0 = Debug|Any CPU
		{EF0D5294-E153-4124-ABDF-714FB34B4159}.Ad-Hoc|ARM.Deploy.0 = Debug|Any CPU
		{EF0D5294-E153-4124-ABDF-714FB34B4159}.Ad-Hoc|iPhone.ActiveCfg = Debug|Any CPU
		{EF0D5294-E153-4124-ABDF-714FB34B4159}.Ad-Hoc|iPhone.Build.0 = Debug|Any CPU
		{EF0D5294-E153-4124-ABDF-714FB34B4159}.Ad-Hoc|iPhone.Deploy.0 = Debug|Any CPU
		{EF0D5294-E153-4124-ABDF-714FB34B4159}.Ad-Hoc|iPhoneSimulator.ActiveCfg = Debug|Any CPU
		{EF0D5294-E153-4124-ABDF-714FB34B4159}.Ad-Hoc|iPhoneSimulator.Build.0 = Debug|Any CPU
		{EF0D5294-E153-4124-ABDF-714FB34B4159}.Ad-Hoc|iPhoneSimulator.Deploy.0 = Debug|Any CPU
		{EF0D5294-E153-4124-ABDF-714FB34B4159}.Ad-Hoc|x64.ActiveCfg = Debug|Any CPU
		{EF0D5294-E153-4124-ABDF-714FB34B4159}.Ad-Hoc|x64.Build.0 = Debug|Any CPU
		{EF0D5294-E153-4124-ABDF-714FB34B4159}.Ad-Hoc|x64.Deploy.0 = Debug|Any CPU
		{EF0D5294-E153-4124-ABDF-714FB34B4159}.Ad-Hoc|x86.ActiveCfg = Debug|Any CPU
		{EF0D5294-E153-4124-ABDF-714FB34B4159}.Ad-Hoc|x86.Build.0 = Debug|Any CPU
		{EF0D5294-E153-4124-ABDF-714FB34B4159}.Ad-Hoc|x86.Deploy.0 = Debug|Any CPU
		{EF0D5294-E153-4124-ABDF-714FB34B4159}.AppStore|Any CPU.ActiveCfg = Debug|Any CPU
		{EF0D5294-E153-4124-ABDF-714FB34B4159}.AppStore|Any CPU.Build.0 = Debug|Any CPU
		{EF0D5294-E153-4124-ABDF-714FB34B4159}.AppStore|Any CPU.Deploy.0 = Debug|Any CPU
		{EF0D5294-E153-4124-ABDF-714FB34B4159}.AppStore|ARM.ActiveCfg = Debug|Any CPU
		{EF0D5294-E153-4124-ABDF-714FB34B4159}.AppStore|ARM.Build.0 = Debug|Any CPU
		{EF0D5294-E153-4124-ABDF-714FB34B4159}.AppStore|ARM.Deploy.0 = Debug|Any CPU
		{EF0D5294-E153-4124-ABDF-714FB34B4159}.AppStore|iPhone.ActiveCfg = Debug|Any CPU
		{EF0D5294-E153-4124-ABDF-714FB34B4159}.AppStore|iPhone.Build.0 = Debug|Any CPU
		{EF0D5294-E153-4124-ABDF-714FB34B4159}.AppStore|iPhone.Deploy.0 = Debug|Any CPU
		{EF0D5294-E153-4124-ABDF-714FB34B4159}.AppStore|iPhoneSimulator.ActiveCfg = Debug|Any CPU
		{EF0D5294-E153-4124-ABDF-714FB34B4159}.AppStore|iPhoneSimulator.Build.0 = Debug|Any CPU
		{EF0D5294-E153-4124-ABDF-714FB34B4159}.AppStore|iPhoneSimulator.Deploy.0 = Debug|Any CPU
		{EF0D5294-E153-4124-ABDF-714FB34B4159}.AppStore|x64.ActiveCfg = Debug|Any CPU
		{EF0D5294-E153-4124-ABDF-714FB34B4159}.AppStore|x64.Build.0 = Debug|Any CPU
		{EF0D5294-E153-4124-ABDF-714FB34B4159}.AppStore|x64.Deploy.0 = Debug|Any CPU
		{EF0D5294-E153-4124-ABDF-714FB34B4159}.AppStore|x86.ActiveCfg = Debug|Any CPU
		{EF0D5294-E153-4124-ABDF-714FB34B4159}.AppStore|x86.Build.0 = Debug|Any CPU
		{EF0D5294-E153-4124-ABDF-714FB34B4159}.AppStore|x86.Deploy.0 = Debug|Any CPU
		{EF0D5294-E153-4124-ABDF-714FB34B4159}.Debug|Any CPU.ActiveCfg = Debug|Any CPU
		{EF0D5294-E153-4124-ABDF-714FB34B4159}.Debug|Any CPU.Build.0 = Debug|Any CPU
		{EF0D5294-E153-4124-ABDF-714FB34B4159}.Debug|Any CPU.Deploy.0 = Debug|Any CPU
		{EF0D5294-E153-4124-ABDF-714FB34B4159}.Debug|ARM.ActiveCfg = Debug|Any CPU
		{EF0D5294-E153-4124-ABDF-714FB34B4159}.Debug|ARM.Build.0 = Debug|Any CPU
		{EF0D5294-E153-4124-ABDF-714FB34B4159}.Debug|ARM.Deploy.0 = Debug|Any CPU
		{EF0D5294-E153-4124-ABDF-714FB34B4159}.Debug|iPhone.ActiveCfg = Debug|Any CPU
		{EF0D5294-E153-4124-ABDF-714FB34B4159}.Debug|iPhone.Build.0 = Debug|Any CPU
		{EF0D5294-E153-4124-ABDF-714FB34B4159}.Debug|iPhone.Deploy.0 = Debug|Any CPU
		{EF0D5294-E153-4124-ABDF-714FB34B4159}.Debug|iPhoneSimulator.ActiveCfg = Debug|Any CPU
		{EF0D5294-E153-4124-ABDF-714FB34B4159}.Debug|iPhoneSimulator.Build.0 = Debug|Any CPU
		{EF0D5294-E153-4124-ABDF-714FB34B4159}.Debug|iPhoneSimulator.Deploy.0 = Debug|Any CPU
		{EF0D5294-E153-4124-ABDF-714FB34B4159}.Debug|x64.ActiveCfg = Debug|Any CPU
		{EF0D5294-E153-4124-ABDF-714FB34B4159}.Debug|x64.Build.0 = Debug|Any CPU
		{EF0D5294-E153-4124-ABDF-714FB34B4159}.Debug|x64.Deploy.0 = Debug|Any CPU
		{EF0D5294-E153-4124-ABDF-714FB34B4159}.Debug|x86.ActiveCfg = Debug|Any CPU
		{EF0D5294-E153-4124-ABDF-714FB34B4159}.Debug|x86.Build.0 = Debug|Any CPU
		{EF0D5294-E153-4124-ABDF-714FB34B4159}.Debug|x86.Deploy.0 = Debug|Any CPU
		{EF0D5294-E153-4124-ABDF-714FB34B4159}.Release|Any CPU.ActiveCfg = Release|Any CPU
		{EF0D5294-E153-4124-ABDF-714FB34B4159}.Release|Any CPU.Build.0 = Release|Any CPU
		{EF0D5294-E153-4124-ABDF-714FB34B4159}.Release|Any CPU.Deploy.0 = Release|Any CPU
		{EF0D5294-E153-4124-ABDF-714FB34B4159}.Release|ARM.ActiveCfg = Release|Any CPU
		{EF0D5294-E153-4124-ABDF-714FB34B4159}.Release|ARM.Build.0 = Release|Any CPU
		{EF0D5294-E153-4124-ABDF-714FB34B4159}.Release|ARM.Deploy.0 = Release|Any CPU
		{EF0D5294-E153-4124-ABDF-714FB34B4159}.Release|iPhone.ActiveCfg = Release|Any CPU
		{EF0D5294-E153-4124-ABDF-714FB34B4159}.Release|iPhone.Build.0 = Release|Any CPU
		{EF0D5294-E153-4124-ABDF-714FB34B4159}.Release|iPhone.Deploy.0 = Release|Any CPU
		{EF0D5294-E153-4124-ABDF-714FB34B4159}.Release|iPhoneSimulator.ActiveCfg = Release|Any CPU
		{EF0D5294-E153-4124-ABDF-714FB34B4159}.Release|iPhoneSimulator.Build.0 = Release|Any CPU
		{EF0D5294-E153-4124-ABDF-714FB34B4159}.Release|iPhoneSimulator.Deploy.0 = Release|Any CPU
		{EF0D5294-E153-4124-ABDF-714FB34B4159}.Release|x64.ActiveCfg = Release|Any CPU
		{EF0D5294-E153-4124-ABDF-714FB34B4159}.Release|x64.Build.0 = Release|Any CPU
		{EF0D5294-E153-4124-ABDF-714FB34B4159}.Release|x64.Deploy.0 = Release|Any CPU
		{EF0D5294-E153-4124-ABDF-714FB34B4159}.Release|x86.ActiveCfg = Release|Any CPU
		{EF0D5294-E153-4124-ABDF-714FB34B4159}.Release|x86.Build.0 = Release|Any CPU
		{EF0D5294-E153-4124-ABDF-714FB34B4159}.Release|x86.Deploy.0 = Release|Any CPU
	EndGlobalSection
	GlobalSection(SolutionProperties) = preSolution
		HideSolutionNode = FALSE
	EndGlobalSection
	GlobalSection(ExtensibilityGlobals) = postSolution
		SolutionGuid = {6916A336-2144-4687-9870-46503F6754F4}
	EndGlobalSection
EndGlobal
