
Microsoft Visual Studio Solution File, Format Version 12.00
# Visual Studio 15
VisualStudioVersion = 15.0.28307.1062
MinimumVisualStudioVersion = 10.0.40219.1
Project("{FAE04EC0-301F-11D3-BF4B-00C04F79EFBC}") = "Curriculo.Android", "Curriculo\Curriculo.Android\Curriculo.Android.csproj", "{46645BED-DF4F-463F-9B20-1AF37D2C5D2C}"
EndProject
Project("{FAE04EC0-301F-11D3-BF4B-00C04F79EFBC}") = "Curriculo.iOS", "Curriculo\Curriculo.iOS\Curriculo.iOS.csproj", "{581D09E4-C53E-4FFB-8574-403E9E5A9B00}"
EndProject
Project("{FAE04EC0-301F-11D3-BF4B-00C04F79EFBC}") = "Curriculo.UWP", "Curriculo\Curriculo.UWP\Curriculo.UWP.csproj", "{F0718EEB-2F0E-49C6-A9DA-D241536BD86C}"
EndProject
Project("{FAE04EC0-301F-11D3-BF4B-00C04F79EFBC}") = "Curriculo", "Curriculo\Curriculo\Curriculo.csproj", "{D1AB51A5-E6EE-4679-9FE9-65EE5D00D495}"
EndProject
Global
	GlobalSection(SolutionConfigurationPlatforms) = preSolution
		Ad-Hoc|Any CPU = Ad-Hoc|Any CPU
		Ad-Hoc|ARM = Ad-Hoc|ARM
		Ad-Hoc|iPhone = Ad-Hoc|iPhone
		Ad-Hoc|iPhoneSimulator = Ad-Hoc|iPhoneSimulator
		Ad-Hoc|x64 = Ad-Hoc|x64
		Ad-Hoc|x86 = Ad-Hoc|x86
		AppStore|Any CPU = AppStore|Any CPU
		AppStore|ARM = AppStore|ARM
		AppStore|iPhone = AppStore|iPhone
		AppStore|iPhoneSimulator = AppStore|iPhoneSimulator
		AppStore|x64 = AppStore|x64
		AppStore|x86 = AppStore|x86
		Debug|Any CPU = Debug|Any CPU
		Debug|ARM = Debug|ARM
		Debug|iPhone = Debug|iPhone
		Debug|iPhoneSimulator = Debug|iPhoneSimulator
		Debug|x64 = Debug|x64
		Debug|x86 = Debug|x86
		Release|Any CPU = Release|Any CPU
		Release|ARM = Release|ARM
		Release|iPhone = Release|iPhone
		Release|iPhoneSimulator = Release|iPhoneSimulator
		Release|x64 = Release|x64
		Release|x86 = Release|x86
	EndGlobalSection
	GlobalSection(ProjectConfigurationPlatforms) = postSolution
		{46645BED-DF4F-463F-9B20-1AF37D2C5D2C}.Ad-Hoc|Any CPU.ActiveCfg = Release|Any CPU
		{46645BED-DF4F-463F-9B20-1AF37D2C5D2C}.Ad-Hoc|Any CPU.Build.0 = Release|Any CPU
		{46645BED-DF4F-463F-9B20-1AF37D2C5D2C}.Ad-Hoc|Any CPU.Deploy.0 = Release|Any CPU
		{46645BED-DF4F-463F-9B20-1AF37D2C5D2C}.Ad-Hoc|ARM.ActiveCfg = Release|Any CPU
		{46645BED-DF4F-463F-9B20-1AF37D2C5D2C}.Ad-Hoc|ARM.Build.0 = Release|Any CPU
		{46645BED-DF4F-463F-9B20-1AF37D2C5D2C}.Ad-Hoc|ARM.Deploy.0 = Release|Any CPU
		{46645BED-DF4F-463F-9B20-1AF37D2C5D2C}.Ad-Hoc|iPhone.ActiveCfg = Release|Any CPU
		{46645BED-DF4F-463F-9B20-1AF37D2C5D2C}.Ad-Hoc|iPhone.Build.0 = Release|Any CPU
		{46645BED-DF4F-463F-9B20-1AF37D2C5D2C}.Ad-Hoc|iPhone.Deploy.0 = Release|Any CPU
		{46645BED-DF4F-463F-9B20-1AF37D2C5D2C}.Ad-Hoc|iPhoneSimulator.ActiveCfg = Release|Any CPU
		{46645BED-DF4F-463F-9B20-1AF37D2C5D2C}.Ad-Hoc|iPhoneSimulator.Build.0 = Release|Any CPU
		{46645BED-DF4F-463F-9B20-1AF37D2C5D2C}.Ad-Hoc|iPhoneSimulator.Deploy.0 = Release|Any CPU
		{46645BED-DF4F-463F-9B20-1AF37D2C5D2C}.Ad-Hoc|x64.ActiveCfg = Release|Any CPU
		{46645BED-DF4F-463F-9B20-1AF37D2C5D2C}.Ad-Hoc|x64.Build.0 = Release|Any CPU
		{46645BED-DF4F-463F-9B20-1AF37D2C5D2C}.Ad-Hoc|x64.Deploy.0 = Release|Any CPU
		{46645BED-DF4F-463F-9B20-1AF37D2C5D2C}.Ad-Hoc|x86.ActiveCfg = Release|Any CPU
		{46645BED-DF4F-463F-9B20-1AF37D2C5D2C}.Ad-Hoc|x86.Build.0 = Release|Any CPU
		{46645BED-DF4F-463F-9B20-1AF37D2C5D2C}.Ad-Hoc|x86.Deploy.0 = Release|Any CPU
		{46645BED-DF4F-463F-9B20-1AF37D2C5D2C}.AppStore|Any CPU.ActiveCfg = Release|Any CPU
		{46645BED-DF4F-463F-9B20-1AF37D2C5D2C}.AppStore|Any CPU.Build.0 = Release|Any CPU
		{46645BED-DF4F-463F-9B20-1AF37D2C5D2C}.AppStore|Any CPU.Deploy.0 = Release|Any CPU
		{46645BED-DF4F-463F-9B20-1AF37D2C5D2C}.AppStore|ARM.ActiveCfg = Release|Any CPU
		{46645BED-DF4F-463F-9B20-1AF37D2C5D2C}.AppStore|ARM.Build.0 = Release|Any CPU
		{46645BED-DF4F-463F-9B20-1AF37D2C5D2C}.AppStore|ARM.Deploy.0 = Release|Any CPU
		{46645BED-DF4F-463F-9B20-1AF37D2C5D2C}.AppStore|iPhone.ActiveCfg = Release|Any CPU
		{46645BED-DF4F-463F-9B20-1AF37D2C5D2C}.AppStore|iPhone.Build.0 = Release|Any CPU
		{46645BED-DF4F-463F-9B20-1AF37D2C5D2C}.AppStore|iPhone.Deploy.0 = Release|Any CPU
		{46645BED-DF4F-463F-9B20-1AF37D2C5D2C}.AppStore|iPhoneSimulator.ActiveCfg = Release|Any CPU
		{46645BED-DF4F-463F-9B20-1AF37D2C5D2C}.AppStore|iPhoneSimulator.Build.0 = Release|Any CPU
		{46645BED-DF4F-463F-9B20-1AF37D2C5D2C}.AppStore|iPhoneSimulator.Deploy.0 = Release|Any CPU
		{46645BED-DF4F-463F-9B20-1AF37D2C5D2C}.AppStore|x64.ActiveCfg = Release|Any CPU
		{46645BED-DF4F-463F-9B20-1AF37D2C5D2C}.AppStore|x64.Build.0 = Release|Any CPU
		{46645BED-DF4F-463F-9B20-1AF37D2C5D2C}.AppStore|x64.Deploy.0 = Release|Any CPU
		{46645BED-DF4F-463F-9B20-1AF37D2C5D2C}.AppStore|x86.ActiveCfg = Release|Any CPU
		{46645BED-DF4F-463F-9B20-1AF37D2C5D2C}.AppStore|x86.Build.0 = Release|Any CPU
		{46645BED-DF4F-463F-9B20-1AF37D2C5D2C}.AppStore|x86.Deploy.0 = Release|Any CPU
		{46645BED-DF4F-463F-9B20-1AF37D2C5D2C}.Debug|Any CPU.ActiveCfg = Debug|Any CPU
		{46645BED-DF4F-463F-9B20-1AF37D2C5D2C}.Debug|Any CPU.Build.0 = Debug|Any CPU
		{46645BED-DF4F-463F-9B20-1AF37D2C5D2C}.Debug|Any CPU.Deploy.0 = Debug|Any CPU
		{46645BED-DF4F-463F-9B20-1AF37D2C5D2C}.Debug|ARM.ActiveCfg = Debug|Any CPU
		{46645BED-DF4F-463F-9B20-1AF37D2C5D2C}.Debug|ARM.Build.0 = Debug|Any CPU
		{46645BED-DF4F-463F-9B20-1AF37D2C5D2C}.Debug|ARM.Deploy.0 = Debug|Any CPU
		{46645BED-DF4F-463F-9B20-1AF37D2C5D2C}.Debug|iPhone.ActiveCfg = Debug|Any CPU
		{46645BED-DF4F-463F-9B20-1AF37D2C5D2C}.Debug|iPhone.Build.0 = Debug|Any CPU
		{46645BED-DF4F-463F-9B20-1AF37D2C5D2C}.Debug|iPhone.Deploy.0 = Debug|Any CPU
		{46645BED-DF4F-463F-9B20-1AF37D2C5D2C}.Debug|iPhoneSimulator.ActiveCfg = Debug|Any CPU
		{46645BED-DF4F-463F-9B20-1AF37D2C5D2C}.Debug|iPhoneSimulator.Build.0 = Debug|Any CPU
		{46645BED-DF4F-463F-9B20-1AF37D2C5D2C}.Debug|iPhoneSimulator.Deploy.0 = Debug|Any CPU
		{46645BED-DF4F-463F-9B20-1AF37D2C5D2C}.Debug|x64.ActiveCfg = Debug|Any CPU
		{46645BED-DF4F-463F-9B20-1AF37D2C5D2C}.Debug|x64.Build.0 = Debug|Any CPU
		{46645BED-DF4F-463F-9B20-1AF37D2C5D2C}.Debug|x64.Deploy.0 = Debug|Any CPU
		{46645BED-DF4F-463F-9B20-1AF37D2C5D2C}.Debug|x86.ActiveCfg = Debug|Any CPU
		{46645BED-DF4F-463F-9B20-1AF37D2C5D2C}.Debug|x86.Build.0 = Debug|Any CPU
		{46645BED-DF4F-463F-9B20-1AF37D2C5D2C}.Debug|x86.Deploy.0 = Debug|Any CPU
		{46645BED-DF4F-463F-9B20-1AF37D2C5D2C}.Release|Any CPU.ActiveCfg = Release|Any CPU
		{46645BED-DF4F-463F-9B20-1AF37D2C5D2C}.Release|Any CPU.Build.0 = Release|Any CPU
		{46645BED-DF4F-463F-9B20-1AF37D2C5D2C}.Release|Any CPU.Deploy.0 = Release|Any CPU
		{46645BED-DF4F-463F-9B20-1AF37D2C5D2C}.Release|ARM.ActiveCfg = Release|Any CPU
		{46645BED-DF4F-463F-9B20-1AF37D2C5D2C}.Release|ARM.Build.0 = Release|Any CPU
		{46645BED-DF4F-463F-9B20-1AF37D2C5D2C}.Release|ARM.Deploy.0 = Release|Any CPU
		{46645BED-DF4F-463F-9B20-1AF37D2C5D2C}.Release|iPhone.ActiveCfg = Release|Any CPU
		{46645BED-DF4F-463F-9B20-1AF37D2C5D2C}.Release|iPhone.Build.0 = Release|Any CPU
		{46645BED-DF4F-463F-9B20-1AF37D2C5D2C}.Release|iPhone.Deploy.0 = Release|Any CPU
		{46645BED-DF4F-463F-9B20-1AF37D2C5D2C}.Release|iPhoneSimulator.ActiveCfg = Release|Any CPU
		{46645BED-DF4F-463F-9B20-1AF37D2C5D2C}.Release|iPhoneSimulator.Build.0 = Release|Any CPU
		{46645BED-DF4F-463F-9B20-1AF37D2C5D2C}.Release|iPhoneSimulator.Deploy.0 = Release|Any CPU
		{46645BED-DF4F-463F-9B20-1AF37D2C5D2C}.Release|x64.ActiveCfg = Release|Any CPU
		{46645BED-DF4F-463F-9B20-1AF37D2C5D2C}.Release|x64.Build.0 = Release|Any CPU
		{46645BED-DF4F-463F-9B20-1AF37D2C5D2C}.Release|x64.Deploy.0 = Release|Any CPU
		{46645BED-DF4F-463F-9B20-1AF37D2C5D2C}.Release|x86.ActiveCfg = Release|Any CPU
		{46645BED-DF4F-463F-9B20-1AF37D2C5D2C}.Release|x86.Build.0 = Release|Any CPU
		{46645BED-DF4F-463F-9B20-1AF37D2C5D2C}.Release|x86.Deploy.0 = Release|Any CPU
		{581D09E4-C53E-4FFB-8574-403E9E5A9B00}.Ad-Hoc|Any CPU.ActiveCfg = Ad-Hoc|iPhone
		{581D09E4-C53E-4FFB-8574-403E9E5A9B00}.Ad-Hoc|Any CPU.Build.0 = Ad-Hoc|iPhone
		{581D09E4-C53E-4FFB-8574-403E9E5A9B00}.Ad-Hoc|Any CPU.Deploy.0 = Ad-Hoc|iPhone
		{581D09E4-C53E-4FFB-8574-403E9E5A9B00}.Ad-Hoc|ARM.ActiveCfg = Ad-Hoc|iPhone
		{581D09E4-C53E-4FFB-8574-403E9E5A9B00}.Ad-Hoc|ARM.Build.0 = Ad-Hoc|iPhone
		{581D09E4-C53E-4FFB-8574-403E9E5A9B00}.Ad-Hoc|ARM.Deploy.0 = Ad-Hoc|iPhone
		{581D09E4-C53E-4FFB-8574-403E9E5A9B00}.Ad-Hoc|iPhone.ActiveCfg = Ad-Hoc|iPhone
		{581D09E4-C53E-4FFB-8574-403E9E5A9B00}.Ad-Hoc|iPhone.Build.0 = Ad-Hoc|iPhone
		{581D09E4-C53E-4FFB-8574-403E9E5A9B00}.Ad-Hoc|iPhone.Deploy.0 = Ad-Hoc|iPhone
		{581D09E4-C53E-4FFB-8574-403E9E5A9B00}.Ad-Hoc|iPhoneSimulator.ActiveCfg = Ad-Hoc|iPhoneSimulator
		{581D09E4-C53E-4FFB-8574-403E9E5A9B00}.Ad-Hoc|iPhoneSimulator.Build.0 = Ad-Hoc|iPhoneSimulator
		{581D09E4-C53E-4FFB-8574-403E9E5A9B00}.Ad-Hoc|iPhoneSimulator.Deploy.0 = Ad-Hoc|iPhoneSimulator
		{581D09E4-C53E-4FFB-8574-403E9E5A9B00}.Ad-Hoc|x64.ActiveCfg = Ad-Hoc|iPhone
		{581D09E4-C53E-4FFB-8574-403E9E5A9B00}.Ad-Hoc|x64.Build.0 = Ad-Hoc|iPhone
		{581D09E4-C53E-4FFB-8574-403E9E5A9B00}.Ad-Hoc|x64.Deploy.0 = Ad-Hoc|iPhone
		{581D09E4-C53E-4FFB-8574-403E9E5A9B00}.Ad-Hoc|x86.ActiveCfg = Ad-Hoc|iPhone
		{581D09E4-C53E-4FFB-8574-403E9E5A9B00}.Ad-Hoc|x86.Build.0 = Ad-Hoc|iPhone
		{581D09E4-C53E-4FFB-8574-403E9E5A9B00}.Ad-Hoc|x86.Deploy.0 = Ad-Hoc|iPhone
		{581D09E4-C53E-4FFB-8574-403E9E5A9B00}.AppStore|Any CPU.ActiveCfg = AppStore|iPhone
		{581D09E4-C53E-4FFB-8574-403E9E5A9B00}.AppStore|Any CPU.Build.0 = AppStore|iPhone
		{581D09E4-C53E-4FFB-8574-403E9E5A9B00}.AppStore|Any CPU.Deploy.0 = AppStore|iPhone
		{581D09E4-C53E-4FFB-8574-403E9E5A9B00}.AppStore|ARM.ActiveCfg = AppStore|iPhone
		{581D09E4-C53E-4FFB-8574-403E9E5A9B00}.AppStore|ARM.Build.0 = AppStore|iPhone
		{581D09E4-C53E-4FFB-8574-403E9E5A9B00}.AppStore|ARM.Deploy.0 = AppStore|iPhone
		{581D09E4-C53E-4FFB-8574-403E9E5A9B00}.AppStore|iPhone.ActiveCfg = AppStore|iPhone
		{581D09E4-C53E-4FFB-8574-403E9E5A9B00}.AppStore|iPhone.Build.0 = AppStore|iPhone
		{581D09E4-C53E-4FFB-8574-403E9E5A9B00}.AppStore|iPhone.Deploy.0 = AppStore|iPhone
		{581D09E4-C53E-4FFB-8574-403E9E5A9B00}.AppStore|iPhoneSimulator.ActiveCfg = AppStore|iPhoneSimulator
		{581D09E4-C53E-4FFB-8574-403E9E5A9B00}.AppStore|iPhoneSimulator.Build.0 = AppStore|iPhoneSimulator
		{581D09E4-C53E-4FFB-8574-403E9E5A9B00}.AppStore|iPhoneSimulator.Deploy.0 = AppStore|iPhoneSimulator
		{581D09E4-C53E-4FFB-8574-403E9E5A9B00}.AppStore|x64.ActiveCfg = AppStore|iPhone
		{581D09E4-C53E-4FFB-8574-403E9E5A9B00}.AppStore|x64.Build.0 = AppStore|iPhone
		{581D09E4-C53E-4FFB-8574-403E9E5A9B00}.AppStore|x64.Deploy.0 = AppStore|iPhone
		{581D09E4-C53E-4FFB-8574-403E9E5A9B00}.AppStore|x86.ActiveCfg = AppStore|iPhone
		{581D09E4-C53E-4FFB-8574-403E9E5A9B00}.AppStore|x86.Build.0 = AppStore|iPhone
		{581D09E4-C53E-4FFB-8574-403E9E5A9B00}.AppStore|x86.Deploy.0 = AppStore|iPhone
		{581D09E4-C53E-4FFB-8574-403E9E5A9B00}.Debug|Any CPU.ActiveCfg = Debug|iPhoneSimulator
		{581D09E4-C53E-4FFB-8574-403E9E5A9B00}.Debug|Any CPU.Build.0 = Debug|iPhoneSimulator
		{581D09E4-C53E-4FFB-8574-403E9E5A9B00}.Debug|Any CPU.Deploy.0 = Debug|iPhoneSimulator
		{581D09E4-C53E-4FFB-8574-403E9E5A9B00}.Debug|ARM.ActiveCfg = Debug|iPhone
		{581D09E4-C53E-4FFB-8574-403E9E5A9B00}.Debug|ARM.Build.0 = Debug|iPhone
		{581D09E4-C53E-4FFB-8574-403E9E5A9B00}.Debug|ARM.Deploy.0 = Debug|iPhone
		{581D09E4-C53E-4FFB-8574-403E9E5A9B00}.Debug|iPhone.ActiveCfg = Debug|iPhone
		{581D09E4-C53E-4FFB-8574-403E9E5A9B00}.Debug|iPhone.Build.0 = Debug|iPhone
		{581D09E4-C53E-4FFB-8574-403E9E5A9B00}.Debug|iPhone.Deploy.0 = Debug|iPhone
		{581D09E4-C53E-4FFB-8574-403E9E5A9B00}.Debug|iPhoneSimulator.ActiveCfg = Debug|iPhoneSimulator
		{581D09E4-C53E-4FFB-8574-403E9E5A9B00}.Debug|iPhoneSimulator.Build.0 = Debug|iPhoneSimulator
		{581D09E4-C53E-4FFB-8574-403E9E5A9B00}.Debug|iPhoneSimulator.Deploy.0 = Debug|iPhoneSimulator
		{581D09E4-C53E-4FFB-8574-403E9E5A9B00}.Debug|x64.ActiveCfg = Debug|iPhone
		{581D09E4-C53E-4FFB-8574-403E9E5A9B00}.Debug|x64.Build.0 = Debug|iPhone
		{581D09E4-C53E-4FFB-8574-403E9E5A9B00}.Debug|x64.Deploy.0 = Debug|iPhone
		{581D09E4-C53E-4FFB-8574-403E9E5A9B00}.Debug|x86.ActiveCfg = Debug|iPhone
		{581D09E4-C53E-4FFB-8574-403E9E5A9B00}.Debug|x86.Build.0 = Debug|iPhone
		{581D09E4-C53E-4FFB-8574-403E9E5A9B00}.Debug|x86.Deploy.0 = Debug|iPhone
		{581D09E4-C53E-4FFB-8574-403E9E5A9B00}.Release|Any CPU.ActiveCfg = Release|iPhone
		{581D09E4-C53E-4FFB-8574-403E9E5A9B00}.Release|Any CPU.Build.0 = Release|iPhone
		{581D09E4-C53E-4FFB-8574-403E9E5A9B00}.Release|Any CPU.Deploy.0 = Release|iPhone
		{581D09E4-C53E-4FFB-8574-403E9E5A9B00}.Release|ARM.ActiveCfg = Release|iPhone
		{581D09E4-C53E-4FFB-8574-403E9E5A9B00}.Release|ARM.Build.0 = Release|iPhone
		{581D09E4-C53E-4FFB-8574-403E9E5A9B00}.Release|ARM.Deploy.0 = Release|iPhone
		{581D09E4-C53E-4FFB-8574-403E9E5A9B00}.Release|iPhone.ActiveCfg = Release|iPhone
		{581D09E4-C53E-4FFB-8574-403E9E5A9B00}.Release|iPhone.Build.0 = Release|iPhone
		{581D09E4-C53E-4FFB-8574-403E9E5A9B00}.Release|iPhone.Deploy.0 = Release|iPhone
		{581D09E4-C53E-4FFB-8574-403E9E5A9B00}.Release|iPhoneSimulator.ActiveCfg = Release|iPhoneSimulator
		{581D09E4-C53E-4FFB-8574-403E9E5A9B00}.Release|iPhoneSimulator.Build.0 = Release|iPhoneSimulator
		{581D09E4-C53E-4FFB-8574-403E9E5A9B00}.Release|iPhoneSimulator.Deploy.0 = Release|iPhoneSimulator
		{581D09E4-C53E-4FFB-8574-403E9E5A9B00}.Release|x64.ActiveCfg = Release|iPhone
		{581D09E4-C53E-4FFB-8574-403E9E5A9B00}.Release|x64.Build.0 = Release|iPhone
		{581D09E4-C53E-4FFB-8574-403E9E5A9B00}.Release|x64.Deploy.0 = Release|iPhone
		{581D09E4-C53E-4FFB-8574-403E9E5A9B00}.Release|x86.ActiveCfg = Release|iPhone
		{581D09E4-C53E-4FFB-8574-403E9E5A9B00}.Release|x86.Build.0 = Release|iPhone
		{581D09E4-C53E-4FFB-8574-403E9E5A9B00}.Release|x86.Deploy.0 = Release|iPhone
		{F0718EEB-2F0E-49C6-A9DA-D241536BD86C}.Ad-Hoc|Any CPU.ActiveCfg = Release|x86
		{F0718EEB-2F0E-49C6-A9DA-D241536BD86C}.Ad-Hoc|Any CPU.Build.0 = Release|x86
		{F0718EEB-2F0E-49C6-A9DA-D241536BD86C}.Ad-Hoc|Any CPU.Deploy.0 = Release|x86
		{F0718EEB-2F0E-49C6-A9DA-D241536BD86C}.Ad-Hoc|ARM.ActiveCfg = Release|ARM
		{F0718EEB-2F0E-49C6-A9DA-D241536BD86C}.Ad-Hoc|ARM.Build.0 = Release|ARM
		{F0718EEB-2F0E-49C6-A9DA-D241536BD86C}.Ad-Hoc|ARM.Deploy.0 = Release|ARM
		{F0718EEB-2F0E-49C6-A9DA-D241536BD86C}.Ad-Hoc|iPhone.ActiveCfg = Release|x86
		{F0718EEB-2F0E-49C6-A9DA-D241536BD86C}.Ad-Hoc|iPhone.Build.0 = Release|x86
		{F0718EEB-2F0E-49C6-A9DA-D241536BD86C}.Ad-Hoc|iPhone.Deploy.0 = Release|x86
		{F0718EEB-2F0E-49C6-A9DA-D241536BD86C}.Ad-Hoc|iPhoneSimulator.ActiveCfg = Release|x86
		{F0718EEB-2F0E-49C6-A9DA-D241536BD86C}.Ad-Hoc|iPhoneSimulator.Build.0 = Release|x86
		{F0718EEB-2F0E-49C6-A9DA-D241536BD86C}.Ad-Hoc|iPhoneSimulator.Deploy.0 = Release|x86
		{F0718EEB-2F0E-49C6-A9DA-D241536BD86C}.Ad-Hoc|x64.ActiveCfg = Release|x64
		{F0718EEB-2F0E-49C6-A9DA-D241536BD86C}.Ad-Hoc|x64.Build.0 = Release|x64
		{F0718EEB-2F0E-49C6-A9DA-D241536BD86C}.Ad-Hoc|x64.Deploy.0 = Release|x64
		{F0718EEB-2F0E-49C6-A9DA-D241536BD86C}.Ad-Hoc|x86.ActiveCfg = Release|x86
		{F0718EEB-2F0E-49C6-A9DA-D241536BD86C}.Ad-Hoc|x86.Build.0 = Release|x86
		{F0718EEB-2F0E-49C6-A9DA-D241536BD86C}.Ad-Hoc|x86.Deploy.0 = Release|x86
		{F0718EEB-2F0E-49C6-A9DA-D241536BD86C}.AppStore|Any CPU.ActiveCfg = Release|x86
		{F0718EEB-2F0E-49C6-A9DA-D241536BD86C}.AppStore|Any CPU.Build.0 = Release|x86
		{F0718EEB-2F0E-49C6-A9DA-D241536BD86C}.AppStore|Any CPU.Deploy.0 = Release|x86
		{F0718EEB-2F0E-49C6-A9DA-D241536BD86C}.AppStore|ARM.ActiveCfg = Release|ARM
		{F0718EEB-2F0E-49C6-A9DA-D241536BD86C}.AppStore|ARM.Build.0 = Release|ARM
		{F0718EEB-2F0E-49C6-A9DA-D241536BD86C}.AppStore|ARM.Deploy.0 = Release|ARM
		{F0718EEB-2F0E-49C6-A9DA-D241536BD86C}.AppStore|iPhone.ActiveCfg = Release|x86
		{F0718EEB-2F0E-49C6-A9DA-D241536BD86C}.AppStore|iPhone.Build.0 = Release|x86
		{F0718EEB-2F0E-49C6-A9DA-D241536BD86C}.AppStore|iPhone.Deploy.0 = Release|x86
		{F0718EEB-2F0E-49C6-A9DA-D241536BD86C}.AppStore|iPhoneSimulator.ActiveCfg = Release|x86
		{F0718EEB-2F0E-49C6-A9DA-D241536BD86C}.AppStore|iPhoneSimulator.Build.0 = Release|x86
		{F0718EEB-2F0E-49C6-A9DA-D241536BD86C}.AppStore|iPhoneSimulator.Deploy.0 = Release|x86
		{F0718EEB-2F0E-49C6-A9DA-D241536BD86C}.AppStore|x64.ActiveCfg = Release|x64
		{F0718EEB-2F0E-49C6-A9DA-D241536BD86C}.AppStore|x64.Build.0 = Release|x64
		{F0718EEB-2F0E-49C6-A9DA-D241536BD86C}.AppStore|x64.Deploy.0 = Release|x64
		{F0718EEB-2F0E-49C6-A9DA-D241536BD86C}.AppStore|x86.ActiveCfg = Release|x86
		{F0718EEB-2F0E-49C6-A9DA-D241536BD86C}.AppStore|x86.Build.0 = Release|x86
		{F0718EEB-2F0E-49C6-A9DA-D241536BD86C}.AppStore|x86.Deploy.0 = Release|x86
		{F0718EEB-2F0E-49C6-A9DA-D241536BD86C}.Debug|Any CPU.ActiveCfg = Debug|x86
		{F0718EEB-2F0E-49C6-A9DA-D241536BD86C}.Debug|Any CPU.Build.0 = Debug|x86
		{F0718EEB-2F0E-49C6-A9DA-D241536BD86C}.Debug|Any CPU.Deploy.0 = Debug|x86
		{F0718EEB-2F0E-49C6-A9DA-D241536BD86C}.Debug|ARM.ActiveCfg = Debug|ARM
		{F0718EEB-2F0E-49C6-A9DA-D241536BD86C}.Debug|ARM.Build.0 = Debug|ARM
		{F0718EEB-2F0E-49C6-A9DA-D241536BD86C}.Debug|ARM.Deploy.0 = Debug|ARM
		{F0718EEB-2F0E-49C6-A9DA-D241536BD86C}.Debug|iPhone.ActiveCfg = Debug|x86
		{F0718EEB-2F0E-49C6-A9DA-D241536BD86C}.Debug|iPhone.Build.0 = Debug|x86
		{F0718EEB-2F0E-49C6-A9DA-D241536BD86C}.Debug|iPhone.Deploy.0 = Debug|x86
		{F0718EEB-2F0E-49C6-A9DA-D241536BD86C}.Debug|iPhoneSimulator.ActiveCfg = Debug|x86
		{F0718EEB-2F0E-49C6-A9DA-D241536BD86C}.Debug|iPhoneSimulator.Build.0 = Debug|x86
		{F0718EEB-2F0E-49C6-A9DA-D241536BD86C}.Debug|iPhoneSimulator.Deploy.0 = Debug|x86
		{F0718EEB-2F0E-49C6-A9DA-D241536BD86C}.Debug|x64.ActiveCfg = Debug|x64
		{F0718EEB-2F0E-49C6-A9DA-D241536BD86C}.Debug|x64.Build.0 = Debug|x64
		{F0718EEB-2F0E-49C6-A9DA-D241536BD86C}.Debug|x64.Deploy.0 = Debug|x64
		{F0718EEB-2F0E-49C6-A9DA-D241536BD86C}.Debug|x86.ActiveCfg = Debug|x86
		{F0718EEB-2F0E-49C6-A9DA-D241536BD86C}.Debug|x86.Build.0 = Debug|x86
		{F0718EEB-2F0E-49C6-A9DA-D241536BD86C}.Debug|x86.Deploy.0 = Debug|x86
		{F0718EEB-2F0E-49C6-A9DA-D241536BD86C}.Release|Any CPU.ActiveCfg = Release|x86
		{F0718EEB-2F0E-49C6-A9DA-D241536BD86C}.Release|Any CPU.Build.0 = Release|x86
		{F0718EEB-2F0E-49C6-A9DA-D241536BD86C}.Release|Any CPU.Deploy.0 = Release|x86
		{F0718EEB-2F0E-49C6-A9DA-D241536BD86C}.Release|ARM.ActiveCfg = Release|ARM
		{F0718EEB-2F0E-49C6-A9DA-D241536BD86C}.Release|ARM.Build.0 = Release|ARM
		{F0718EEB-2F0E-49C6-A9DA-D241536BD86C}.Release|ARM.Deploy.0 = Release|ARM
		{F0718EEB-2F0E-49C6-A9DA-D241536BD86C}.Release|iPhone.ActiveCfg = Release|x86
		{F0718EEB-2F0E-49C6-A9DA-D241536BD86C}.Release|iPhone.Build.0 = Release|x86
		{F0718EEB-2F0E-49C6-A9DA-D241536BD86C}.Release|iPhone.Deploy.0 = Release|x86
		{F0718EEB-2F0E-49C6-A9DA-D241536BD86C}.Release|iPhoneSimulator.ActiveCfg = Release|x86
		{F0718EEB-2F0E-49C6-A9DA-D241536BD86C}.Release|iPhoneSimulator.Build.0 = Release|x86
		{F0718EEB-2F0E-49C6-A9DA-D241536BD86C}.Release|iPhoneSimulator.Deploy.0 = Release|x86
		{F0718EEB-2F0E-49C6-A9DA-D241536BD86C}.Release|x64.ActiveCfg = Release|x64
		{F0718EEB-2F0E-49C6-A9DA-D241536BD86C}.Release|x64.Build.0 = Release|x64
		{F0718EEB-2F0E-49C6-A9DA-D241536BD86C}.Release|x64.Deploy.0 = Release|x64
		{F0718EEB-2F0E-49C6-A9DA-D241536BD86C}.Release|x86.ActiveCfg = Release|x86
		{F0718EEB-2F0E-49C6-A9DA-D241536BD86C}.Release|x86.Build.0 = Release|x86
		{F0718EEB-2F0E-49C6-A9DA-D241536BD86C}.Release|x86.Deploy.0 = Release|x86
		{D1AB51A5-E6EE-4679-9FE9-65EE5D00D495}.Ad-Hoc|Any CPU.ActiveCfg = Debug|Any CPU
		{D1AB51A5-E6EE-4679-9FE9-65EE5D00D495}.Ad-Hoc|Any CPU.Build.0 = Debug|Any CPU
		{D1AB51A5-E6EE-4679-9FE9-65EE5D00D495}.Ad-Hoc|Any CPU.Deploy.0 = Debug|Any CPU
		{D1AB51A5-E6EE-4679-9FE9-65EE5D00D495}.Ad-Hoc|ARM.ActiveCfg = Debug|Any CPU
		{D1AB51A5-E6EE-4679-9FE9-65EE5D00D495}.Ad-Hoc|ARM.Build.0 = Debug|Any CPU
		{D1AB51A5-E6EE-4679-9FE9-65EE5D00D495}.Ad-Hoc|ARM.Deploy.0 = Debug|Any CPU
		{D1AB51A5-E6EE-4679-9FE9-65EE5D00D495}.Ad-Hoc|iPhone.ActiveCfg = Debug|Any CPU
		{D1AB51A5-E6EE-4679-9FE9-65EE5D00D495}.Ad-Hoc|iPhone.Build.0 = Debug|Any CPU
		{D1AB51A5-E6EE-4679-9FE9-65EE5D00D495}.Ad-Hoc|iPhone.Deploy.0 = Debug|Any CPU
		{D1AB51A5-E6EE-4679-9FE9-65EE5D00D495}.Ad-Hoc|iPhoneSimulator.ActiveCfg = Debug|Any CPU
		{D1AB51A5-E6EE-4679-9FE9-65EE5D00D495}.Ad-Hoc|iPhoneSimulator.Build.0 = Debug|Any CPU
		{D1AB51A5-E6EE-4679-9FE9-65EE5D00D495}.Ad-Hoc|iPhoneSimulator.Deploy.0 = Debug|Any CPU
		{D1AB51A5-E6EE-4679-9FE9-65EE5D00D495}.Ad-Hoc|x64.ActiveCfg = Debug|Any CPU
		{D1AB51A5-E6EE-4679-9FE9-65EE5D00D495}.Ad-Hoc|x64.Build.0 = Debug|Any CPU
		{D1AB51A5-E6EE-4679-9FE9-65EE5D00D495}.Ad-Hoc|x64.Deploy.0 = Debug|Any CPU
		{D1AB51A5-E6EE-4679-9FE9-65EE5D00D495}.Ad-Hoc|x86.ActiveCfg = Debug|Any CPU
		{D1AB51A5-E6EE-4679-9FE9-65EE5D00D495}.Ad-Hoc|x86.Build.0 = Debug|Any CPU
		{D1AB51A5-E6EE-4679-9FE9-65EE5D00D495}.Ad-Hoc|x86.Deploy.0 = Debug|Any CPU
		{D1AB51A5-E6EE-4679-9FE9-65EE5D00D495}.AppStore|Any CPU.ActiveCfg = Debug|Any CPU
		{D1AB51A5-E6EE-4679-9FE9-65EE5D00D495}.AppStore|Any CPU.Build.0 = Debug|Any CPU
		{D1AB51A5-E6EE-4679-9FE9-65EE5D00D495}.AppStore|Any CPU.Deploy.0 = Debug|Any CPU
		{D1AB51A5-E6EE-4679-9FE9-65EE5D00D495}.AppStore|ARM.ActiveCfg = Debug|Any CPU
		{D1AB51A5-E6EE-4679-9FE9-65EE5D00D495}.AppStore|ARM.Build.0 = Debug|Any CPU
		{D1AB51A5-E6EE-4679-9FE9-65EE5D00D495}.AppStore|ARM.Deploy.0 = Debug|Any CPU
		{D1AB51A5-E6EE-4679-9FE9-65EE5D00D495}.AppStore|iPhone.ActiveCfg = Debug|Any CPU
		{D1AB51A5-E6EE-4679-9FE9-65EE5D00D495}.AppStore|iPhone.Build.0 = Debug|Any CPU
		{D1AB51A5-E6EE-4679-9FE9-65EE5D00D495}.AppStore|iPhone.Deploy.0 = Debug|Any CPU
		{D1AB51A5-E6EE-4679-9FE9-65EE5D00D495}.AppStore|iPhoneSimulator.ActiveCfg = Debug|Any CPU
		{D1AB51A5-E6EE-4679-9FE9-65EE5D00D495}.AppStore|iPhoneSimulator.Build.0 = Debug|Any CPU
		{D1AB51A5-E6EE-4679-9FE9-65EE5D00D495}.AppStore|iPhoneSimulator.Deploy.0 = Debug|Any CPU
		{D1AB51A5-E6EE-4679-9FE9-65EE5D00D495}.AppStore|x64.ActiveCfg = Debug|Any CPU
		{D1AB51A5-E6EE-4679-9FE9-65EE5D00D495}.AppStore|x64.Build.0 = Debug|Any CPU
		{D1AB51A5-E6EE-4679-9FE9-65EE5D00D495}.AppStore|x64.Deploy.0 = Debug|Any CPU
		{D1AB51A5-E6EE-4679-9FE9-65EE5D00D495}.AppStore|x86.ActiveCfg = Debug|Any CPU
		{D1AB51A5-E6EE-4679-9FE9-65EE5D00D495}.AppStore|x86.Build.0 = Debug|Any CPU
		{D1AB51A5-E6EE-4679-9FE9-65EE5D00D495}.AppStore|x86.Deploy.0 = Debug|Any CPU
		{D1AB51A5-E6EE-4679-9FE9-65EE5D00D495}.Debug|Any CPU.ActiveCfg = Debug|Any CPU
		{D1AB51A5-E6EE-4679-9FE9-65EE5D00D495}.Debug|Any CPU.Build.0 = Debug|Any CPU
		{D1AB51A5-E6EE-4679-9FE9-65EE5D00D495}.Debug|Any CPU.Deploy.0 = Debug|Any CPU
		{D1AB51A5-E6EE-4679-9FE9-65EE5D00D495}.Debug|ARM.ActiveCfg = Debug|Any CPU
		{D1AB51A5-E6EE-4679-9FE9-65EE5D00D495}.Debug|ARM.Build.0 = Debug|Any CPU
		{D1AB51A5-E6EE-4679-9FE9-65EE5D00D495}.Debug|ARM.Deploy.0 = Debug|Any CPU
		{D1AB51A5-E6EE-4679-9FE9-65EE5D00D495}.Debug|iPhone.ActiveCfg = Debug|Any CPU
		{D1AB51A5-E6EE-4679-9FE9-65EE5D00D495}.Debug|iPhone.Build.0 = Debug|Any CPU
		{D1AB51A5-E6EE-4679-9FE9-65EE5D00D495}.Debug|iPhone.Deploy.0 = Debug|Any CPU
		{D1AB51A5-E6EE-4679-9FE9-65EE5D00D495}.Debug|iPhoneSimulator.ActiveCfg = Debug|Any CPU
		{D1AB51A5-E6EE-4679-9FE9-65EE5D00D495}.Debug|iPhoneSimulator.Build.0 = Debug|Any CPU
		{D1AB51A5-E6EE-4679-9FE9-65EE5D00D495}.Debug|iPhoneSimulator.Deploy.0 = Debug|Any CPU
		{D1AB51A5-E6EE-4679-9FE9-65EE5D00D495}.Debug|x64.ActiveCfg = Debug|Any CPU
		{D1AB51A5-E6EE-4679-9FE9-65EE5D00D495}.Debug|x64.Build.0 = Debug|Any CPU
		{D1AB51A5-E6EE-4679-9FE9-65EE5D00D495}.Debug|x64.Deploy.0 = Debug|Any CPU
		{D1AB51A5-E6EE-4679-9FE9-65EE5D00D495}.Debug|x86.ActiveCfg = Debug|Any CPU
		{D1AB51A5-E6EE-4679-9FE9-65EE5D00D495}.Debug|x86.Build.0 = Debug|Any CPU
		{D1AB51A5-E6EE-4679-9FE9-65EE5D00D495}.Debug|x86.Deploy.0 = Debug|Any CPU
		{D1AB51A5-E6EE-4679-9FE9-65EE5D00D495}.Release|Any CPU.ActiveCfg = Release|Any CPU
		{D1AB51A5-E6EE-4679-9FE9-65EE5D00D495}.Release|Any CPU.Build.0 = Release|Any CPU
		{D1AB51A5-E6EE-4679-9FE9-65EE5D00D495}.Release|Any CPU.Deploy.0 = Release|Any CPU
		{D1AB51A5-E6EE-4679-9FE9-65EE5D00D495}.Release|ARM.ActiveCfg = Release|Any CPU
		{D1AB51A5-E6EE-4679-9FE9-65EE5D00D495}.Release|ARM.Build.0 = Release|Any CPU
		{D1AB51A5-E6EE-4679-9FE9-65EE5D00D495}.Release|ARM.Deploy.0 = Release|Any CPU
		{D1AB51A5-E6EE-4679-9FE9-65EE5D00D495}.Release|iPhone.ActiveCfg = Release|Any CPU
		{D1AB51A5-E6EE-4679-9FE9-65EE5D00D495}.Release|iPhone.Build.0 = Release|Any CPU
		{D1AB51A5-E6EE-4679-9FE9-65EE5D00D495}.Release|iPhone.Deploy.0 = Release|Any CPU
		{D1AB51A5-E6EE-4679-9FE9-65EE5D00D495}.Release|iPhoneSimulator.ActiveCfg = Release|Any CPU
		{D1AB51A5-E6EE-4679-9FE9-65EE5D00D495}.Release|iPhoneSimulator.Build.0 = Release|Any CPU
		{D1AB51A5-E6EE-4679-9FE9-65EE5D00D495}.Release|iPhoneSimulator.Deploy.0 = Release|Any CPU
		{D1AB51A5-E6EE-4679-9FE9-65EE5D00D495}.Release|x64.ActiveCfg = Release|Any CPU
		{D1AB51A5-E6EE-4679-9FE9-65EE5D00D495}.Release|x64.Build.0 = Release|Any CPU
		{D1AB51A5-E6EE-4679-9FE9-65EE5D00D495}.Release|x64.Deploy.0 = Release|Any CPU
		{D1AB51A5-E6EE-4679-9FE9-65EE5D00D495}.Release|x86.ActiveCfg = Release|Any CPU
		{D1AB51A5-E6EE-4679-9FE9-65EE5D00D495}.Release|x86.Build.0 = Release|Any CPU
		{D1AB51A5-E6EE-4679-9FE9-65EE5D00D495}.Release|x86.Deploy.0 = Release|Any CPU
	EndGlobalSection
	GlobalSection(SolutionProperties) = preSolution
		HideSolutionNode = FALSE
	EndGlobalSection
	GlobalSection(ExtensibilityGlobals) = postSolution
		SolutionGuid = {C7F277FE-851A-4E4C-A35C-C244DB36984F}
	EndGlobalSection
EndGlobal
