
Microsoft Visual Studio Solution File, Format Version 12.00
# Visual Studio 15
VisualStudioVersion = 15.0.28307.1062
MinimumVisualStudioVersion = 10.0.40219.1
Project("{FAE04EC0-301F-11D3-BF4B-00C04F79EFBC}") = "App4_Cinemix.Android", "App4_Cinemix\App4_Cinemix.Android\App4_Cinemix.Android.csproj", "{6F504610-BDDE-404A-B78B-303B0AEAE54F}"
EndProject
Project("{FAE04EC0-301F-11D3-BF4B-00C04F79EFBC}") = "App4_Cinemix.iOS", "App4_Cinemix\App4_Cinemix.iOS\App4_Cinemix.iOS.csproj", "{7B5F2F0F-43F6-495A-A877-C0222010EFFB}"
EndProject
Project("{FAE04EC0-301F-11D3-BF4B-00C04F79EFBC}") = "App4_Cinemix.UWP", "App4_Cinemix\App4_Cinemix.UWP\App4_Cinemix.UWP.csproj", "{7A387E9B-3E0A-45E7-936F-21D0390E444E}"
EndProject
Project("{FAE04EC0-301F-11D3-BF4B-00C04F79EFBC}") = "App4_Cinemix", "App4_Cinemix\App4_Cinemix\App4_Cinemix.csproj", "{E143EDE1-9E68-4F13-806C-BD5AC4D6F7DE}"
EndProject
Global
	GlobalSection(SolutionConfigurationPlatforms) = preSolution
		Ad-Hoc|Any CPU = Ad-Hoc|Any CPU
		Ad-Hoc|ARM = Ad-Hoc|ARM
		Ad-Hoc|iPhone = Ad-Hoc|iPhone
		Ad-Hoc|iPhoneSimulator = Ad-Hoc|iPhoneSimulator
		Ad-Hoc|x64 = Ad-Hoc|x64
		Ad-Hoc|x86 = Ad-Hoc|x86
		AppStore|Any CPU = AppStore|Any CPU
		AppStore|ARM = AppStore|ARM
		AppStore|iPhone = AppStore|iPhone
		AppStore|iPhoneSimulator = AppStore|iPhoneSimulator
		AppStore|x64 = AppStore|x64
		AppStore|x86 = AppStore|x86
		Debug|Any CPU = Debug|Any CPU
		Debug|ARM = Debug|ARM
		Debug|iPhone = Debug|iPhone
		Debug|iPhoneSimulator = Debug|iPhoneSimulator
		Debug|x64 = Debug|x64
		Debug|x86 = Debug|x86
		Release|Any CPU = Release|Any CPU
		Release|ARM = Release|ARM
		Release|iPhone = Release|iPhone
		Release|iPhoneSimulator = Release|iPhoneSimulator
		Release|x64 = Release|x64
		Release|x86 = Release|x86
	EndGlobalSection
	GlobalSection(ProjectConfigurationPlatforms) = postSolution
		{6F504610-BDDE-404A-B78B-303B0AEAE54F}.Ad-Hoc|Any CPU.ActiveCfg = Release|Any CPU
		{6F504610-BDDE-404A-B78B-303B0AEAE54F}.Ad-Hoc|Any CPU.Build.0 = Release|Any CPU
		{6F504610-BDDE-404A-B78B-303B0AEAE54F}.Ad-Hoc|Any CPU.Deploy.0 = Release|Any CPU
		{6F504610-BDDE-404A-B78B-303B0AEAE54F}.Ad-Hoc|ARM.ActiveCfg = Release|Any CPU
		{6F504610-BDDE-404A-B78B-303B0AEAE54F}.Ad-Hoc|ARM.Build.0 = Release|Any CPU
		{6F504610-BDDE-404A-B78B-303B0AEAE54F}.Ad-Hoc|ARM.Deploy.0 = Release|Any CPU
		{6F504610-BDDE-404A-B78B-303B0AEAE54F}.Ad-Hoc|iPhone.ActiveCfg = Release|Any CPU
		{6F504610-BDDE-404A-B78B-303B0AEAE54F}.Ad-Hoc|iPhone.Build.0 = Release|Any CPU
		{6F504610-BDDE-404A-B78B-303B0AEAE54F}.Ad-Hoc|iPhone.Deploy.0 = Release|Any CPU
		{6F504610-BDDE-404A-B78B-303B0AEAE54F}.Ad-Hoc|iPhoneSimulator.ActiveCfg = Release|Any CPU
		{6F504610-BDDE-404A-B78B-303B0AEAE54F}.Ad-Hoc|iPhoneSimulator.Build.0 = Release|Any CPU
		{6F504610-BDDE-404A-B78B-303B0AEAE54F}.Ad-Hoc|iPhoneSimulator.Deploy.0 = Release|Any CPU
		{6F504610-BDDE-404A-B78B-303B0AEAE54F}.Ad-Hoc|x64.ActiveCfg = Release|Any CPU
		{6F504610-BDDE-404A-B78B-303B0AEAE54F}.Ad-Hoc|x64.Build.0 = Release|Any CPU
		{6F504610-BDDE-404A-B78B-303B0AEAE54F}.Ad-Hoc|x64.Deploy.0 = Release|Any CPU
		{6F504610-BDDE-404A-B78B-303B0AEAE54F}.Ad-Hoc|x86.ActiveCfg = Release|Any CPU
		{6F504610-BDDE-404A-B78B-303B0AEAE54F}.Ad-Hoc|x86.Build.0 = Release|Any CPU
		{6F504610-BDDE-404A-B78B-303B0AEAE54F}.Ad-Hoc|x86.Deploy.0 = Release|Any CPU
		{6F504610-BDDE-404A-B78B-303B0AEAE54F}.AppStore|Any CPU.ActiveCfg = Release|Any CPU
		{6F504610-BDDE-404A-B78B-303B0AEAE54F}.AppStore|Any CPU.Build.0 = Release|Any CPU
		{6F504610-BDDE-404A-B78B-303B0AEAE54F}.AppStore|Any CPU.Deploy.0 = Release|Any CPU
		{6F504610-BDDE-404A-B78B-303B0AEAE54F}.AppStore|ARM.ActiveCfg = Release|Any CPU
		{6F504610-BDDE-404A-B78B-303B0AEAE54F}.AppStore|ARM.Build.0 = Release|Any CPU
		{6F504610-BDDE-404A-B78B-303B0AEAE54F}.AppStore|ARM.Deploy.0 = Release|Any CPU
		{6F504610-BDDE-404A-B78B-303B0AEAE54F}.AppStore|iPhone.ActiveCfg = Release|Any CPU
		{6F504610-BDDE-404A-B78B-303B0AEAE54F}.AppStore|iPhone.Build.0 = Release|Any CPU
		{6F504610-BDDE-404A-B78B-303B0AEAE54F}.AppStore|iPhone.Deploy.0 = Release|Any CPU
		{6F504610-BDDE-404A-B78B-303B0AEAE54F}.AppStore|iPhoneSimulator.ActiveCfg = Release|Any CPU
		{6F504610-BDDE-404A-B78B-303B0AEAE54F}.AppStore|iPhoneSimulator.Build.0 = Release|Any CPU
		{6F504610-BDDE-404A-B78B-303B0AEAE54F}.AppStore|iPhoneSimulator.Deploy.0 = Release|Any CPU
		{6F504610-BDDE-404A-B78B-303B0AEAE54F}.AppStore|x64.ActiveCfg = Release|Any CPU
		{6F504610-BDDE-404A-B78B-303B0AEAE54F}.AppStore|x64.Build.0 = Release|Any CPU
		{6F504610-BDDE-404A-B78B-303B0AEAE54F}.AppStore|x64.Deploy.0 = Release|Any CPU
		{6F504610-BDDE-404A-B78B-303B0AEAE54F}.AppStore|x86.ActiveCfg = Release|Any CPU
		{6F504610-BDDE-404A-B78B-303B0AEAE54F}.AppStore|x86.Build.0 = Release|Any CPU
		{6F504610-BDDE-404A-B78B-303B0AEAE54F}.AppStore|x86.Deploy.0 = Release|Any CPU
		{6F504610-BDDE-404A-B78B-303B0AEAE54F}.Debug|Any CPU.ActiveCfg = Debug|Any CPU
		{6F504610-BDDE-404A-B78B-303B0AEAE54F}.Debug|Any CPU.Build.0 = Debug|Any CPU
		{6F504610-BDDE-404A-B78B-303B0AEAE54F}.Debug|Any CPU.Deploy.0 = Debug|Any CPU
		{6F504610-BDDE-404A-B78B-303B0AEAE54F}.Debug|ARM.ActiveCfg = Debug|Any CPU
		{6F504610-BDDE-404A-B78B-303B0AEAE54F}.Debug|ARM.Build.0 = Debug|Any CPU
		{6F504610-BDDE-404A-B78B-303B0AEAE54F}.Debug|ARM.Deploy.0 = Debug|Any CPU
		{6F504610-BDDE-404A-B78B-303B0AEAE54F}.Debug|iPhone.ActiveCfg = Debug|Any CPU
		{6F504610-BDDE-404A-B78B-303B0AEAE54F}.Debug|iPhone.Build.0 = Debug|Any CPU
		{6F504610-BDDE-404A-B78B-303B0AEAE54F}.Debug|iPhone.Deploy.0 = Debug|Any CPU
		{6F504610-BDDE-404A-B78B-303B0AEAE54F}.Debug|iPhoneSimulator.ActiveCfg = Debug|Any CPU
		{6F504610-BDDE-404A-B78B-303B0AEAE54F}.Debug|iPhoneSimulator.Build.0 = Debug|Any CPU
		{6F504610-BDDE-404A-B78B-303B0AEAE54F}.Debug|iPhoneSimulator.Deploy.0 = Debug|Any CPU
		{6F504610-BDDE-404A-B78B-303B0AEAE54F}.Debug|x64.ActiveCfg = Debug|Any CPU
		{6F504610-BDDE-404A-B78B-303B0AEAE54F}.Debug|x64.Build.0 = Debug|Any CPU
		{6F504610-BDDE-404A-B78B-303B0AEAE54F}.Debug|x64.Deploy.0 = Debug|Any CPU
		{6F504610-BDDE-404A-B78B-303B0AEAE54F}.Debug|x86.ActiveCfg = Debug|Any CPU
		{6F504610-BDDE-404A-B78B-303B0AEAE54F}.Debug|x86.Build.0 = Debug|Any CPU
		{6F504610-BDDE-404A-B78B-303B0AEAE54F}.Debug|x86.Deploy.0 = Debug|Any CPU
		{6F504610-BDDE-404A-B78B-303B0AEAE54F}.Release|Any CPU.ActiveCfg = Release|Any CPU
		{6F504610-BDDE-404A-B78B-303B0AEAE54F}.Release|Any CPU.Build.0 = Release|Any CPU
		{6F504610-BDDE-404A-B78B-303B0AEAE54F}.Release|Any CPU.Deploy.0 = Release|Any CPU
		{6F504610-BDDE-404A-B78B-303B0AEAE54F}.Release|ARM.ActiveCfg = Release|Any CPU
		{6F504610-BDDE-404A-B78B-303B0AEAE54F}.Release|ARM.Build.0 = Release|Any CPU
		{6F504610-BDDE-404A-B78B-303B0AEAE54F}.Release|ARM.Deploy.0 = Release|Any CPU
		{6F504610-BDDE-404A-B78B-303B0AEAE54F}.Release|iPhone.ActiveCfg = Release|Any CPU
		{6F504610-BDDE-404A-B78B-303B0AEAE54F}.Release|iPhone.Build.0 = Release|Any CPU
		{6F504610-BDDE-404A-B78B-303B0AEAE54F}.Release|iPhone.Deploy.0 = Release|Any CPU
		{6F504610-BDDE-404A-B78B-303B0AEAE54F}.Release|iPhoneSimulator.ActiveCfg = Release|Any CPU
		{6F504610-BDDE-404A-B78B-303B0AEAE54F}.Release|iPhoneSimulator.Build.0 = Release|Any CPU
		{6F504610-BDDE-404A-B78B-303B0AEAE54F}.Release|iPhoneSimulator.Deploy.0 = Release|Any CPU
		{6F504610-BDDE-404A-B78B-303B0AEAE54F}.Release|x64.ActiveCfg = Release|Any CPU
		{6F504610-BDDE-404A-B78B-303B0AEAE54F}.Release|x64.Build.0 = Release|Any CPU
		{6F504610-BDDE-404A-B78B-303B0AEAE54F}.Release|x64.Deploy.0 = Release|Any CPU
		{6F504610-BDDE-404A-B78B-303B0AEAE54F}.Release|x86.ActiveCfg = Release|Any CPU
		{6F504610-BDDE-404A-B78B-303B0AEAE54F}.Release|x86.Build.0 = Release|Any CPU
		{6F504610-BDDE-404A-B78B-303B0AEAE54F}.Release|x86.Deploy.0 = Release|Any CPU
		{7B5F2F0F-43F6-495A-A877-C0222010EFFB}.Ad-Hoc|Any CPU.ActiveCfg = Ad-Hoc|iPhone
		{7B5F2F0F-43F6-495A-A877-C0222010EFFB}.Ad-Hoc|Any CPU.Build.0 = Ad-Hoc|iPhone
		{7B5F2F0F-43F6-495A-A877-C0222010EFFB}.Ad-Hoc|Any CPU.Deploy.0 = Ad-Hoc|iPhone
		{7B5F2F0F-43F6-495A-A877-C0222010EFFB}.Ad-Hoc|ARM.ActiveCfg = Ad-Hoc|iPhone
		{7B5F2F0F-43F6-495A-A877-C0222010EFFB}.Ad-Hoc|ARM.Build.0 = Ad-Hoc|iPhone
		{7B5F2F0F-43F6-495A-A877-C0222010EFFB}.Ad-Hoc|ARM.Deploy.0 = Ad-Hoc|iPhone
		{7B5F2F0F-43F6-495A-A877-C0222010EFFB}.Ad-Hoc|iPhone.ActiveCfg = Ad-Hoc|iPhone
		{7B5F2F0F-43F6-495A-A877-C0222010EFFB}.Ad-Hoc|iPhone.Build.0 = Ad-Hoc|iPhone
		{7B5F2F0F-43F6-495A-A877-C0222010EFFB}.Ad-Hoc|iPhone.Deploy.0 = Ad-Hoc|iPhone
		{7B5F2F0F-43F6-495A-A877-C0222010EFFB}.Ad-Hoc|iPhoneSimulator.ActiveCfg = Ad-Hoc|iPhoneSimulator
		{7B5F2F0F-43F6-495A-A877-C0222010EFFB}.Ad-Hoc|iPhoneSimulator.Build.0 = Ad-Hoc|iPhoneSimulator
		{7B5F2F0F-43F6-495A-A877-C0222010EFFB}.Ad-Hoc|iPhoneSimulator.Deploy.0 = Ad-Hoc|iPhoneSimulator
		{7B5F2F0F-43F6-495A-A877-C0222010EFFB}.Ad-Hoc|x64.ActiveCfg = Ad-Hoc|iPhone
		{7B5F2F0F-43F6-495A-A877-C0222010EFFB}.Ad-Hoc|x64.Build.0 = Ad-Hoc|iPhone
		{7B5F2F0F-43F6-495A-A877-C0222010EFFB}.Ad-Hoc|x64.Deploy.0 = Ad-Hoc|iPhone
		{7B5F2F0F-43F6-495A-A877-C0222010EFFB}.Ad-Hoc|x86.ActiveCfg = Ad-Hoc|iPhone
		{7B5F2F0F-43F6-495A-A877-C0222010EFFB}.Ad-Hoc|x86.Build.0 = Ad-Hoc|iPhone
		{7B5F2F0F-43F6-495A-A877-C0222010EFFB}.Ad-Hoc|x86.Deploy.0 = Ad-Hoc|iPhone
		{7B5F2F0F-43F6-495A-A877-C0222010EFFB}.AppStore|Any CPU.ActiveCfg = AppStore|iPhone
		{7B5F2F0F-43F6-495A-A877-C0222010EFFB}.AppStore|Any CPU.Build.0 = AppStore|iPhone
		{7B5F2F0F-43F6-495A-A877-C0222010EFFB}.AppStore|Any CPU.Deploy.0 = AppStore|iPhone
		{7B5F2F0F-43F6-495A-A877-C0222010EFFB}.AppStore|ARM.ActiveCfg = AppStore|iPhone
		{7B5F2F0F-43F6-495A-A877-C0222010EFFB}.AppStore|ARM.Build.0 = AppStore|iPhone
		{7B5F2F0F-43F6-495A-A877-C0222010EFFB}.AppStore|ARM.Deploy.0 = AppStore|iPhone
		{7B5F2F0F-43F6-495A-A877-C0222010EFFB}.AppStore|iPhone.ActiveCfg = AppStore|iPhone
		{7B5F2F0F-43F6-495A-A877-C0222010EFFB}.AppStore|iPhone.Build.0 = AppStore|iPhone
		{7B5F2F0F-43F6-495A-A877-C0222010EFFB}.AppStore|iPhone.Deploy.0 = AppStore|iPhone
		{7B5F2F0F-43F6-495A-A877-C0222010EFFB}.AppStore|iPhoneSimulator.ActiveCfg = AppStore|iPhoneSimulator
		{7B5F2F0F-43F6-495A-A877-C0222010EFFB}.AppStore|iPhoneSimulator.Build.0 = AppStore|iPhoneSimulator
		{7B5F2F0F-43F6-495A-A877-C0222010EFFB}.AppStore|iPhoneSimulator.Deploy.0 = AppStore|iPhoneSimulator
		{7B5F2F0F-43F6-495A-A877-C0222010EFFB}.AppStore|x64.ActiveCfg = AppStore|iPhone
		{7B5F2F0F-43F6-495A-A877-C0222010EFFB}.AppStore|x64.Build.0 = AppStore|iPhone
		{7B5F2F0F-43F6-495A-A877-C0222010EFFB}.AppStore|x64.Deploy.0 = AppStore|iPhone
		{7B5F2F0F-43F6-495A-A877-C0222010EFFB}.AppStore|x86.ActiveCfg = AppStore|iPhone
		{7B5F2F0F-43F6-495A-A877-C0222010EFFB}.AppStore|x86.Build.0 = AppStore|iPhone
		{7B5F2F0F-43F6-495A-A877-C0222010EFFB}.AppStore|x86.Deploy.0 = AppStore|iPhone
		{7B5F2F0F-43F6-495A-A877-C0222010EFFB}.Debug|Any CPU.ActiveCfg = Debug|iPhoneSimulator
		{7B5F2F0F-43F6-495A-A877-C0222010EFFB}.Debug|Any CPU.Build.0 = Debug|iPhoneSimulator
		{7B5F2F0F-43F6-495A-A877-C0222010EFFB}.Debug|Any CPU.Deploy.0 = Debug|iPhoneSimulator
		{7B5F2F0F-43F6-495A-A877-C0222010EFFB}.Debug|ARM.ActiveCfg = Debug|iPhone
		{7B5F2F0F-43F6-495A-A877-C0222010EFFB}.Debug|ARM.Build.0 = Debug|iPhone
		{7B5F2F0F-43F6-495A-A877-C0222010EFFB}.Debug|ARM.Deploy.0 = Debug|iPhone
		{7B5F2F0F-43F6-495A-A877-C0222010EFFB}.Debug|iPhone.ActiveCfg = Debug|iPhone
		{7B5F2F0F-43F6-495A-A877-C0222010EFFB}.Debug|iPhone.Build.0 = Debug|iPhone
		{7B5F2F0F-43F6-495A-A877-C0222010EFFB}.Debug|iPhone.Deploy.0 = Debug|iPhone
		{7B5F2F0F-43F6-495A-A877-C0222010EFFB}.Debug|iPhoneSimulator.ActiveCfg = Debug|iPhoneSimulator
		{7B5F2F0F-43F6-495A-A877-C0222010EFFB}.Debug|iPhoneSimulator.Build.0 = Debug|iPhoneSimulator
		{7B5F2F0F-43F6-495A-A877-C0222010EFFB}.Debug|iPhoneSimulator.Deploy.0 = Debug|iPhoneSimulator
		{7B5F2F0F-43F6-495A-A877-C0222010EFFB}.Debug|x64.ActiveCfg = Debug|iPhone
		{7B5F2F0F-43F6-495A-A877-C0222010EFFB}.Debug|x64.Build.0 = Debug|iPhone
		{7B5F2F0F-43F6-495A-A877-C0222010EFFB}.Debug|x64.Deploy.0 = Debug|iPhone
		{7B5F2F0F-43F6-495A-A877-C0222010EFFB}.Debug|x86.ActiveCfg = Debug|iPhone
		{7B5F2F0F-43F6-495A-A877-C0222010EFFB}.Debug|x86.Build.0 = Debug|iPhone
		{7B5F2F0F-43F6-495A-A877-C0222010EFFB}.Debug|x86.Deploy.0 = Debug|iPhone
		{7B5F2F0F-43F6-495A-A877-C0222010EFFB}.Release|Any CPU.ActiveCfg = Release|iPhone
		{7B5F2F0F-43F6-495A-A877-C0222010EFFB}.Release|Any CPU.Build.0 = Release|iPhone
		{7B5F2F0F-43F6-495A-A877-C0222010EFFB}.Release|Any CPU.Deploy.0 = Release|iPhone
		{7B5F2F0F-43F6-495A-A877-C0222010EFFB}.Release|ARM.ActiveCfg = Release|iPhone
		{7B5F2F0F-43F6-495A-A877-C0222010EFFB}.Release|ARM.Build.0 = Release|iPhone
		{7B5F2F0F-43F6-495A-A877-C0222010EFFB}.Release|ARM.Deploy.0 = Release|iPhone
		{7B5F2F0F-43F6-495A-A877-C0222010EFFB}.Release|iPhone.ActiveCfg = Release|iPhone
		{7B5F2F0F-43F6-495A-A877-C0222010EFFB}.Release|iPhone.Build.0 = Release|iPhone
		{7B5F2F0F-43F6-495A-A877-C0222010EFFB}.Release|iPhone.Deploy.0 = Release|iPhone
		{7B5F2F0F-43F6-495A-A877-C0222010EFFB}.Release|iPhoneSimulator.ActiveCfg = Release|iPhoneSimulator
		{7B5F2F0F-43F6-495A-A877-C0222010EFFB}.Release|iPhoneSimulator.Build.0 = Release|iPhoneSimulator
		{7B5F2F0F-43F6-495A-A877-C0222010EFFB}.Release|iPhoneSimulator.Deploy.0 = Release|iPhoneSimulator
		{7B5F2F0F-43F6-495A-A877-C0222010EFFB}.Release|x64.ActiveCfg = Release|iPhone
		{7B5F2F0F-43F6-495A-A877-C0222010EFFB}.Release|x64.Build.0 = Release|iPhone
		{7B5F2F0F-43F6-495A-A877-C0222010EFFB}.Release|x64.Deploy.0 = Release|iPhone
		{7B5F2F0F-43F6-495A-A877-C0222010EFFB}.Release|x86.ActiveCfg = Release|iPhone
		{7B5F2F0F-43F6-495A-A877-C0222010EFFB}.Release|x86.Build.0 = Release|iPhone
		{7B5F2F0F-43F6-495A-A877-C0222010EFFB}.Release|x86.Deploy.0 = Release|iPhone
		{7A387E9B-3E0A-45E7-936F-21D0390E444E}.Ad-Hoc|Any CPU.ActiveCfg = Release|x86
		{7A387E9B-3E0A-45E7-936F-21D0390E444E}.Ad-Hoc|Any CPU.Build.0 = Release|x86
		{7A387E9B-3E0A-45E7-936F-21D0390E444E}.Ad-Hoc|Any CPU.Deploy.0 = Release|x86
		{7A387E9B-3E0A-45E7-936F-21D0390E444E}.Ad-Hoc|ARM.ActiveCfg = Release|ARM
		{7A387E9B-3E0A-45E7-936F-21D0390E444E}.Ad-Hoc|ARM.Build.0 = Release|ARM
		{7A387E9B-3E0A-45E7-936F-21D0390E444E}.Ad-Hoc|ARM.Deploy.0 = Release|ARM
		{7A387E9B-3E0A-45E7-936F-21D0390E444E}.Ad-Hoc|iPhone.ActiveCfg = Release|x86
		{7A387E9B-3E0A-45E7-936F-21D0390E444E}.Ad-Hoc|iPhone.Build.0 = Release|x86
		{7A387E9B-3E0A-45E7-936F-21D0390E444E}.Ad-Hoc|iPhone.Deploy.0 = Release|x86
		{7A387E9B-3E0A-45E7-936F-21D0390E444E}.Ad-Hoc|iPhoneSimulator.ActiveCfg = Release|x86
		{7A387E9B-3E0A-45E7-936F-21D0390E444E}.Ad-Hoc|iPhoneSimulator.Build.0 = Release|x86
		{7A387E9B-3E0A-45E7-936F-21D0390E444E}.Ad-Hoc|iPhoneSimulator.Deploy.0 = Release|x86
		{7A387E9B-3E0A-45E7-936F-21D0390E444E}.Ad-Hoc|x64.ActiveCfg = Release|x64
		{7A387E9B-3E0A-45E7-936F-21D0390E444E}.Ad-Hoc|x64.Build.0 = Release|x64
		{7A387E9B-3E0A-45E7-936F-21D0390E444E}.Ad-Hoc|x64.Deploy.0 = Release|x64
		{7A387E9B-3E0A-45E7-936F-21D0390E444E}.Ad-Hoc|x86.ActiveCfg = Release|x86
		{7A387E9B-3E0A-45E7-936F-21D0390E444E}.Ad-Hoc|x86.Build.0 = Release|x86
		{7A387E9B-3E0A-45E7-936F-21D0390E444E}.Ad-Hoc|x86.Deploy.0 = Release|x86
		{7A387E9B-3E0A-45E7-936F-21D0390E444E}.AppStore|Any CPU.ActiveCfg = Release|x86
		{7A387E9B-3E0A-45E7-936F-21D0390E444E}.AppStore|Any CPU.Build.0 = Release|x86
		{7A387E9B-3E0A-45E7-936F-21D0390E444E}.AppStore|Any CPU.Deploy.0 = Release|x86
		{7A387E9B-3E0A-45E7-936F-21D0390E444E}.AppStore|ARM.ActiveCfg = Release|ARM
		{7A387E9B-3E0A-45E7-936F-21D0390E444E}.AppStore|ARM.Build.0 = Release|ARM
		{7A387E9B-3E0A-45E7-936F-21D0390E444E}.AppStore|ARM.Deploy.0 = Release|ARM
		{7A387E9B-3E0A-45E7-936F-21D0390E444E}.AppStore|iPhone.ActiveCfg = Release|x86
		{7A387E9B-3E0A-45E7-936F-21D0390E444E}.AppStore|iPhone.Build.0 = Release|x86
		{7A387E9B-3E0A-45E7-936F-21D0390E444E}.AppStore|iPhone.Deploy.0 = Release|x86
		{7A387E9B-3E0A-45E7-936F-21D0390E444E}.AppStore|iPhoneSimulator.ActiveCfg = Release|x86
		{7A387E9B-3E0A-45E7-936F-21D0390E444E}.AppStore|iPhoneSimulator.Build.0 = Release|x86
		{7A387E9B-3E0A-45E7-936F-21D0390E444E}.AppStore|iPhoneSimulator.Deploy.0 = Release|x86
		{7A387E9B-3E0A-45E7-936F-21D0390E444E}.AppStore|x64.ActiveCfg = Release|x64
		{7A387E9B-3E0A-45E7-936F-21D0390E444E}.AppStore|x64.Build.0 = Release|x64
		{7A387E9B-3E0A-45E7-936F-21D0390E444E}.AppStore|x64.Deploy.0 = Release|x64
		{7A387E9B-3E0A-45E7-936F-21D0390E444E}.AppStore|x86.ActiveCfg = Release|x86
		{7A387E9B-3E0A-45E7-936F-21D0390E444E}.AppStore|x86.Build.0 = Release|x86
		{7A387E9B-3E0A-45E7-936F-21D0390E444E}.AppStore|x86.Deploy.0 = Release|x86
		{7A387E9B-3E0A-45E7-936F-21D0390E444E}.Debug|Any CPU.ActiveCfg = Debug|x86
		{7A387E9B-3E0A-45E7-936F-21D0390E444E}.Debug|Any CPU.Build.0 = Debug|x86
		{7A387E9B-3E0A-45E7-936F-21D0390E444E}.Debug|Any CPU.Deploy.0 = Debug|x86
		{7A387E9B-3E0A-45E7-936F-21D0390E444E}.Debug|ARM.ActiveCfg = Debug|ARM
		{7A387E9B-3E0A-45E7-936F-21D0390E444E}.Debug|ARM.Build.0 = Debug|ARM
		{7A387E9B-3E0A-45E7-936F-21D0390E444E}.Debug|ARM.Deploy.0 = Debug|ARM
		{7A387E9B-3E0A-45E7-936F-21D0390E444E}.Debug|iPhone.ActiveCfg = Debug|x86
		{7A387E9B-3E0A-45E7-936F-21D0390E444E}.Debug|iPhone.Build.0 = Debug|x86
		{7A387E9B-3E0A-45E7-936F-21D0390E444E}.Debug|iPhone.Deploy.0 = Debug|x86
		{7A387E9B-3E0A-45E7-936F-21D0390E444E}.Debug|iPhoneSimulator.ActiveCfg = Debug|x86
		{7A387E9B-3E0A-45E7-936F-21D0390E444E}.Debug|iPhoneSimulator.Build.0 = Debug|x86
		{7A387E9B-3E0A-45E7-936F-21D0390E444E}.Debug|iPhoneSimulator.Deploy.0 = Debug|x86
		{7A387E9B-3E0A-45E7-936F-21D0390E444E}.Debug|x64.ActiveCfg = Debug|x64
		{7A387E9B-3E0A-45E7-936F-21D0390E444E}.Debug|x64.Build.0 = Debug|x64
		{7A387E9B-3E0A-45E7-936F-21D0390E444E}.Debug|x64.Deploy.0 = Debug|x64
		{7A387E9B-3E0A-45E7-936F-21D0390E444E}.Debug|x86.ActiveCfg = Debug|x86
		{7A387E9B-3E0A-45E7-936F-21D0390E444E}.Debug|x86.Build.0 = Debug|x86
		{7A387E9B-3E0A-45E7-936F-21D0390E444E}.Debug|x86.Deploy.0 = Debug|x86
		{7A387E9B-3E0A-45E7-936F-21D0390E444E}.Release|Any CPU.ActiveCfg = Release|x86
		{7A387E9B-3E0A-45E7-936F-21D0390E444E}.Release|Any CPU.Build.0 = Release|x86
		{7A387E9B-3E0A-45E7-936F-21D0390E444E}.Release|Any CPU.Deploy.0 = Release|x86
		{7A387E9B-3E0A-45E7-936F-21D0390E444E}.Release|ARM.ActiveCfg = Release|ARM
		{7A387E9B-3E0A-45E7-936F-21D0390E444E}.Release|ARM.Build.0 = Release|ARM
		{7A387E9B-3E0A-45E7-936F-21D0390E444E}.Release|ARM.Deploy.0 = Release|ARM
		{7A387E9B-3E0A-45E7-936F-21D0390E444E}.Release|iPhone.ActiveCfg = Release|x86
		{7A387E9B-3E0A-45E7-936F-21D0390E444E}.Release|iPhone.Build.0 = Release|x86
		{7A387E9B-3E0A-45E7-936F-21D0390E444E}.Release|iPhone.Deploy.0 = Release|x86
		{7A387E9B-3E0A-45E7-936F-21D0390E444E}.Release|iPhoneSimulator.ActiveCfg = Release|x86
		{7A387E9B-3E0A-45E7-936F-21D0390E444E}.Release|iPhoneSimulator.Build.0 = Release|x86
		{7A387E9B-3E0A-45E7-936F-21D0390E444E}.Release|iPhoneSimulator.Deploy.0 = Release|x86
		{7A387E9B-3E0A-45E7-936F-21D0390E444E}.Release|x64.ActiveCfg = Release|x64
		{7A387E9B-3E0A-45E7-936F-21D0390E444E}.Release|x64.Build.0 = Release|x64
		{7A387E9B-3E0A-45E7-936F-21D0390E444E}.Release|x64.Deploy.0 = Release|x64
		{7A387E9B-3E0A-45E7-936F-21D0390E444E}.Release|x86.ActiveCfg = Release|x86
		{7A387E9B-3E0A-45E7-936F-21D0390E444E}.Release|x86.Build.0 = Release|x86
		{7A387E9B-3E0A-45E7-936F-21D0390E444E}.Release|x86.Deploy.0 = Release|x86
		{E143EDE1-9E68-4F13-806C-BD5AC4D6F7DE}.Ad-Hoc|Any CPU.ActiveCfg = Debug|Any CPU
		{E143EDE1-9E68-4F13-806C-BD5AC4D6F7DE}.Ad-Hoc|Any CPU.Build.0 = Debug|Any CPU
		{E143EDE1-9E68-4F13-806C-BD5AC4D6F7DE}.Ad-Hoc|Any CPU.Deploy.0 = Debug|Any CPU
		{E143EDE1-9E68-4F13-806C-BD5AC4D6F7DE}.Ad-Hoc|ARM.ActiveCfg = Debug|Any CPU
		{E143EDE1-9E68-4F13-806C-BD5AC4D6F7DE}.Ad-Hoc|ARM.Build.0 = Debug|Any CPU
		{E143EDE1-9E68-4F13-806C-BD5AC4D6F7DE}.Ad-Hoc|ARM.Deploy.0 = Debug|Any CPU
		{E143EDE1-9E68-4F13-806C-BD5AC4D6F7DE}.Ad-Hoc|iPhone.ActiveCfg = Debug|Any CPU
		{E143EDE1-9E68-4F13-806C-BD5AC4D6F7DE}.Ad-Hoc|iPhone.Build.0 = Debug|Any CPU
		{E143EDE1-9E68-4F13-806C-BD5AC4D6F7DE}.Ad-Hoc|iPhone.Deploy.0 = Debug|Any CPU
		{E143EDE1-9E68-4F13-806C-BD5AC4D6F7DE}.Ad-Hoc|iPhoneSimulator.ActiveCfg = Debug|Any CPU
		{E143EDE1-9E68-4F13-806C-BD5AC4D6F7DE}.Ad-Hoc|iPhoneSimulator.Build.0 = Debug|Any CPU
		{E143EDE1-9E68-4F13-806C-BD5AC4D6F7DE}.Ad-Hoc|iPhoneSimulator.Deploy.0 = Debug|Any CPU
		{E143EDE1-9E68-4F13-806C-BD5AC4D6F7DE}.Ad-Hoc|x64.ActiveCfg = Debug|Any CPU
		{E143EDE1-9E68-4F13-806C-BD5AC4D6F7DE}.Ad-Hoc|x64.Build.0 = Debug|Any CPU
		{E143EDE1-9E68-4F13-806C-BD5AC4D6F7DE}.Ad-Hoc|x64.Deploy.0 = Debug|Any CPU
		{E143EDE1-9E68-4F13-806C-BD5AC4D6F7DE}.Ad-Hoc|x86.ActiveCfg = Debug|Any CPU
		{E143EDE1-9E68-4F13-806C-BD5AC4D6F7DE}.Ad-Hoc|x86.Build.0 = Debug|Any CPU
		{E143EDE1-9E68-4F13-806C-BD5AC4D6F7DE}.Ad-Hoc|x86.Deploy.0 = Debug|Any CPU
		{E143EDE1-9E68-4F13-806C-BD5AC4D6F7DE}.AppStore|Any CPU.ActiveCfg = Debug|Any CPU
		{E143EDE1-9E68-4F13-806C-BD5AC4D6F7DE}.AppStore|Any CPU.Build.0 = Debug|Any CPU
		{E143EDE1-9E68-4F13-806C-BD5AC4D6F7DE}.AppStore|Any CPU.Deploy.0 = Debug|Any CPU
		{E143EDE1-9E68-4F13-806C-BD5AC4D6F7DE}.AppStore|ARM.ActiveCfg = Debug|Any CPU
		{E143EDE1-9E68-4F13-806C-BD5AC4D6F7DE}.AppStore|ARM.Build.0 = Debug|Any CPU
		{E143EDE1-9E68-4F13-806C-BD5AC4D6F7DE}.AppStore|ARM.Deploy.0 = Debug|Any CPU
		{E143EDE1-9E68-4F13-806C-BD5AC4D6F7DE}.AppStore|iPhone.ActiveCfg = Debug|Any CPU
		{E143EDE1-9E68-4F13-806C-BD5AC4D6F7DE}.AppStore|iPhone.Build.0 = Debug|Any CPU
		{E143EDE1-9E68-4F13-806C-BD5AC4D6F7DE}.AppStore|iPhone.Deploy.0 = Debug|Any CPU
		{E143EDE1-9E68-4F13-806C-BD5AC4D6F7DE}.AppStore|iPhoneSimulator.ActiveCfg = Debug|Any CPU
		{E143EDE1-9E68-4F13-806C-BD5AC4D6F7DE}.AppStore|iPhoneSimulator.Build.0 = Debug|Any CPU
		{E143EDE1-9E68-4F13-806C-BD5AC4D6F7DE}.AppStore|iPhoneSimulator.Deploy.0 = Debug|Any CPU
		{E143EDE1-9E68-4F13-806C-BD5AC4D6F7DE}.AppStore|x64.ActiveCfg = Debug|Any CPU
		{E143EDE1-9E68-4F13-806C-BD5AC4D6F7DE}.AppStore|x64.Build.0 = Debug|Any CPU
		{E143EDE1-9E68-4F13-806C-BD5AC4D6F7DE}.AppStore|x64.Deploy.0 = Debug|Any CPU
		{E143EDE1-9E68-4F13-806C-BD5AC4D6F7DE}.AppStore|x86.ActiveCfg = Debug|Any CPU
		{E143EDE1-9E68-4F13-806C-BD5AC4D6F7DE}.AppStore|x86.Build.0 = Debug|Any CPU
		{E143EDE1-9E68-4F13-806C-BD5AC4D6F7DE}.AppStore|x86.Deploy.0 = Debug|Any CPU
		{E143EDE1-9E68-4F13-806C-BD5AC4D6F7DE}.Debug|Any CPU.ActiveCfg = Debug|Any CPU
		{E143EDE1-9E68-4F13-806C-BD5AC4D6F7DE}.Debug|Any CPU.Build.0 = Debug|Any CPU
		{E143EDE1-9E68-4F13-806C-BD5AC4D6F7DE}.Debug|Any CPU.Deploy.0 = Debug|Any CPU
		{E143EDE1-9E68-4F13-806C-BD5AC4D6F7DE}.Debug|ARM.ActiveCfg = Debug|Any CPU
		{E143EDE1-9E68-4F13-806C-BD5AC4D6F7DE}.Debug|ARM.Build.0 = Debug|Any CPU
		{E143EDE1-9E68-4F13-806C-BD5AC4D6F7DE}.Debug|ARM.Deploy.0 = Debug|Any CPU
		{E143EDE1-9E68-4F13-806C-BD5AC4D6F7DE}.Debug|iPhone.ActiveCfg = Debug|Any CPU
		{E143EDE1-9E68-4F13-806C-BD5AC4D6F7DE}.Debug|iPhone.Build.0 = Debug|Any CPU
		{E143EDE1-9E68-4F13-806C-BD5AC4D6F7DE}.Debug|iPhone.Deploy.0 = Debug|Any CPU
		{E143EDE1-9E68-4F13-806C-BD5AC4D6F7DE}.Debug|iPhoneSimulator.ActiveCfg = Debug|Any CPU
		{E143EDE1-9E68-4F13-806C-BD5AC4D6F7DE}.Debug|iPhoneSimulator.Build.0 = Debug|Any CPU
		{E143EDE1-9E68-4F13-806C-BD5AC4D6F7DE}.Debug|iPhoneSimulator.Deploy.0 = Debug|Any CPU
		{E143EDE1-9E68-4F13-806C-BD5AC4D6F7DE}.Debug|x64.ActiveCfg = Debug|Any CPU
		{E143EDE1-9E68-4F13-806C-BD5AC4D6F7DE}.Debug|x64.Build.0 = Debug|Any CPU
		{E143EDE1-9E68-4F13-806C-BD5AC4D6F7DE}.Debug|x64.Deploy.0 = Debug|Any CPU
		{E143EDE1-9E68-4F13-806C-BD5AC4D6F7DE}.Debug|x86.ActiveCfg = Debug|Any CPU
		{E143EDE1-9E68-4F13-806C-BD5AC4D6F7DE}.Debug|x86.Build.0 = Debug|Any CPU
		{E143EDE1-9E68-4F13-806C-BD5AC4D6F7DE}.Debug|x86.Deploy.0 = Debug|Any CPU
		{E143EDE1-9E68-4F13-806C-BD5AC4D6F7DE}.Release|Any CPU.ActiveCfg = Release|Any CPU
		{E143EDE1-9E68-4F13-806C-BD5AC4D6F7DE}.Release|Any CPU.Build.0 = Release|Any CPU
		{E143EDE1-9E68-4F13-806C-BD5AC4D6F7DE}.Release|Any CPU.Deploy.0 = Release|Any CPU
		{E143EDE1-9E68-4F13-806C-BD5AC4D6F7DE}.Release|ARM.ActiveCfg = Release|Any CPU
		{E143EDE1-9E68-4F13-806C-BD5AC4D6F7DE}.Release|ARM.Build.0 = Release|Any CPU
		{E143EDE1-9E68-4F13-806C-BD5AC4D6F7DE}.Release|ARM.Deploy.0 = Release|Any CPU
		{E143EDE1-9E68-4F13-806C-BD5AC4D6F7DE}.Release|iPhone.ActiveCfg = Release|Any CPU
		{E143EDE1-9E68-4F13-806C-BD5AC4D6F7DE}.Release|iPhone.Build.0 = Release|Any CPU
		{E143EDE1-9E68-4F13-806C-BD5AC4D6F7DE}.Release|iPhone.Deploy.0 = Release|Any CPU
		{E143EDE1-9E68-4F13-806C-BD5AC4D6F7DE}.Release|iPhoneSimulator.ActiveCfg = Release|Any CPU
		{E143EDE1-9E68-4F13-806C-BD5AC4D6F7DE}.Release|iPhoneSimulator.Build.0 = Release|Any CPU
		{E143EDE1-9E68-4F13-806C-BD5AC4D6F7DE}.Release|iPhoneSimulator.Deploy.0 = Release|Any CPU
		{E143EDE1-9E68-4F13-806C-BD5AC4D6F7DE}.Release|x64.ActiveCfg = Release|Any CPU
		{E143EDE1-9E68-4F13-806C-BD5AC4D6F7DE}.Release|x64.Build.0 = Release|Any CPU
		{E143EDE1-9E68-4F13-806C-BD5AC4D6F7DE}.Release|x64.Deploy.0 = Release|Any CPU
		{E143EDE1-9E68-4F13-806C-BD5AC4D6F7DE}.Release|x86.ActiveCfg = Release|Any CPU
		{E143EDE1-9E68-4F13-806C-BD5AC4D6F7DE}.Release|x86.Build.0 = Release|Any CPU
		{E143EDE1-9E68-4F13-806C-BD5AC4D6F7DE}.Release|x86.Deploy.0 = Release|Any CPU
	EndGlobalSection
	GlobalSection(SolutionProperties) = preSolution
		HideSolutionNode = FALSE
	EndGlobalSection
	GlobalSection(ExtensibilityGlobals) = postSolution
		SolutionGuid = {CBECEF9D-54C2-4D04-AE58-911774164AC9}
	EndGlobalSection
EndGlobal
